// !$*UTF8*$!
{
	archiveVersion = 1;
	classes = {
	};
	objectVersion = 46;
	objects = {

/* Begin PBXBuildFile section */
		0D177F4012ECD0C600B1FFD2 /* MMFThreadedOperation.m in Sources */ = {isa = PBXBuildFile; fileRef = 0D177F3E12ECD0C600B1FFD2 /* MMFThreadedOperation.m */; };
		0D177FE012ED394A00B1FFD2 /* test-data.txt in Resources */ = {isa = PBXBuildFile; fileRef = 0D177FDF12ED394A00B1FFD2 /* test-data.txt */; };
		0D177FEC12ED409000B1FFD2 /* MMFDownloadURLOperation.m in Sources */ = {isa = PBXBuildFile; fileRef = B7AAAC4F124EFDD2002D3030 /* MMFDownloadURLOperation.m */; };
		0D2C39FD13AC44A20055372F /* LFHTTPRequest.h in Headers */ = {isa = PBXBuildFile; fileRef = 0D2C39A713AC44A20055372F /* LFHTTPRequest.h */; };
		0D2C39FE13AC44A20055372F /* LFHTTPRequest.m in Sources */ = {isa = PBXBuildFile; fileRef = 0D2C39A813AC44A20055372F /* LFHTTPRequest.m */; };
		0D2C39FF13AC44A20055372F /* LFSiteReachability.h in Headers */ = {isa = PBXBuildFile; fileRef = 0D2C39A913AC44A20055372F /* LFSiteReachability.h */; };
		0D2C3A0013AC44A20055372F /* LFSiteReachability.m in Sources */ = {isa = PBXBuildFile; fileRef = 0D2C39AA13AC44A20055372F /* LFSiteReachability.m */; };
		0D2C3A0113AC44A20055372F /* LFWebAPIKit.h in Headers */ = {isa = PBXBuildFile; fileRef = 0D2C39AB13AC44A20055372F /* LFWebAPIKit.h */; };
		0D2C3A0213AC44A20055372F /* NSData+LFHTTPFormExtensions.h in Headers */ = {isa = PBXBuildFile; fileRef = 0D2C39AC13AC44A20055372F /* NSData+LFHTTPFormExtensions.h */; };
		0D2C3A0313AC44A20055372F /* NSData+LFHTTPFormExtensions.m in Sources */ = {isa = PBXBuildFile; fileRef = 0D2C39AD13AC44A20055372F /* NSData+LFHTTPFormExtensions.m */; };
		0D2C3A1913AC44A30055372F /* ObjectiveFlickr.h in Headers */ = {isa = PBXBuildFile; fileRef = 0D2C39E913AC44A20055372F /* ObjectiveFlickr.h */; };
		0D2C3A1A13AC44A30055372F /* ObjectiveFlickr.m in Sources */ = {isa = PBXBuildFile; fileRef = 0D2C39EA13AC44A20055372F /* ObjectiveFlickr.m */; };
		0D2C3A1B13AC44A30055372F /* OFUtilities.h in Headers */ = {isa = PBXBuildFile; fileRef = 0D2C39EB13AC44A20055372F /* OFUtilities.h */; };
		0D2C3A1C13AC44A30055372F /* OFXMLMapper.h in Headers */ = {isa = PBXBuildFile; fileRef = 0D2C39EC13AC44A20055372F /* OFXMLMapper.h */; };
		0D2C3A1D13AC44A30055372F /* OFXMLMapper.m in Sources */ = {isa = PBXBuildFile; fileRef = 0D2C39ED13AC44A20055372F /* OFXMLMapper.m */; };
		0D3E659E12E012AE00F9A39F /* GHUnitIOSTestMain.m in Sources */ = {isa = PBXBuildFile; fileRef = 0D3E659D12E012AE00F9A39F /* GHUnitIOSTestMain.m */; };
		0D3E65AF12E012FC00F9A39F /* libGHUnitIOSSimulator.a in Frameworks */ = {isa = PBXBuildFile; fileRef = 0D3E65AD12E012FC00F9A39F /* libGHUnitIOSSimulator.a */; };
		0D3E65BF12E0154B00F9A39F /* MMFFileCacheTests.m in Sources */ = {isa = PBXBuildFile; fileRef = 0D3E65BE12E0154B00F9A39F /* MMFFileCacheTests.m */; };
		0D647AD1127FB46800633A57 /* UIKit.framework in Frameworks */ = {isa = PBXBuildFile; fileRef = 0D647AD0127FB46800633A57 /* UIKit.framework */; };
		0D647AD3127FB46800633A57 /* Foundation.framework in Frameworks */ = {isa = PBXBuildFile; fileRef = 0D647AD2127FB46800633A57 /* Foundation.framework */; };
		0D647AD5127FB46800633A57 /* CoreGraphics.framework in Frameworks */ = {isa = PBXBuildFile; fileRef = 0D647AD4127FB46800633A57 /* CoreGraphics.framework */; };
		0D647ADA127FB46800633A57 /* InfoPlist.strings in Resources */ = {isa = PBXBuildFile; fileRef = 0D647AD8127FB46800633A57 /* InfoPlist.strings */; };
		0D647ADF127FB46900633A57 /* iOS_Test_AppAppDelegate.m in Sources */ = {isa = PBXBuildFile; fileRef = 0D647ADE127FB46900633A57 /* iOS_Test_AppAppDelegate.m */; };
		0D647AE2127FB46900633A57 /* MainWindow.xib in Resources */ = {isa = PBXBuildFile; fileRef = 0D647AE0127FB46900633A57 /* MainWindow.xib */; };
		0D647AE5127FB46900633A57 /* iOS_Test_AppViewController.m in Sources */ = {isa = PBXBuildFile; fileRef = 0D647AE4127FB46900633A57 /* iOS_Test_AppViewController.m */; };
		0D647AE8127FB46900633A57 /* iOS_Test_AppViewController.xib in Resources */ = {isa = PBXBuildFile; fileRef = 0D647AE6127FB46900633A57 /* iOS_Test_AppViewController.xib */; };
		0D9BD93A12EB41620021909F /* MMFMockObserverTests.m in Sources */ = {isa = PBXBuildFile; fileRef = 0D9BD93912EB41620021909F /* MMFMockObserverTests.m */; };
		0DAAC3B312837AAE005AAC96 /* CoreGraphics.framework in Frameworks */ = {isa = PBXBuildFile; fileRef = 0DAAC3B212837AAE005AAC96 /* CoreGraphics.framework */; };
		0DAAC3B512837B0E005AAC96 /* UIKit.framework in Frameworks */ = {isa = PBXBuildFile; fileRef = 0DAAC3B412837B0E005AAC96 /* UIKit.framework */; };
		0DADEDB5131028A200C067F8 /* MMFSearchOperation.m in Sources */ = {isa = PBXBuildFile; fileRef = 0DADEDB3130F501100C067F8 /* MMFSearchOperation.m */; };
		0DB1810213DB5DC1002A6270 /* XPathQuery.m in Sources */ = {isa = PBXBuildFile; fileRef = 0DB1810013DB5DC1002A6270 /* XPathQuery.m */; };
		0DB1810313DB5DC1002A6270 /* XPathQuery.h in Headers */ = {isa = PBXBuildFile; fileRef = 0DB1810113DB5DC1002A6270 /* XPathQuery.h */; };
		0DB1810413DB5DC1002A6270 /* TFHpple.h in Headers */ = {isa = PBXBuildFile; fileRef = 0DB180FC13DB5DC1002A6270 /* TFHpple.h */; };
		0DB1810513DB5DC1002A6270 /* TFHpple.m in Sources */ = {isa = PBXBuildFile; fileRef = 0DB180FD13DB5DC1002A6270 /* TFHpple.m */; };
		0DB1810613DB5DC1002A6270 /* TFHppleElement.h in Headers */ = {isa = PBXBuildFile; fileRef = 0DB180FE13DB5DC1002A6270 /* TFHppleElement.h */; };
		0DB1810713DB5DC1002A6270 /* TFHppleElement.m in Sources */ = {isa = PBXBuildFile; fileRef = 0DB180FF13DB5DC1002A6270 /* TFHppleElement.m */; };
		0DB1810A13DB5FC4002A6270 /* MMFPhoto.h in Headers */ = {isa = PBXBuildFile; fileRef = 0DB1810813DB5FC4002A6270 /* MMFPhoto.h */; };
		0DB1810B13DB5FC4002A6270 /* MMFPhoto.m in Sources */ = {isa = PBXBuildFile; fileRef = 0DB1810913DB5FC4002A6270 /* MMFPhoto.m */; };
		0DD2A85612BC566500D3F1B5 /* MMFFlickrSearchOperation.m in Sources */ = {isa = PBXBuildFile; fileRef = 0DD2A84C12BC566500D3F1B5 /* MMFFlickrSearchOperation.m */; };
		0DD2A85812BC566500D3F1B5 /* MMFHtmlSearchOperation.m in Sources */ = {isa = PBXBuildFile; fileRef = 0DD2A84E12BC566500D3F1B5 /* MMFHtmlSearchOperation.m */; };
		0DD2A86412BC597C00D3F1B5 /* libxml2.dylib in Frameworks */ = {isa = PBXBuildFile; fileRef = 0DD2A86312BC597C00D3F1B5 /* libxml2.dylib */; };
		0DD2A8B512BD070000D3F1B5 /* CFNetwork.framework in Frameworks */ = {isa = PBXBuildFile; fileRef = 0DD2A8B412BD070000D3F1B5 /* CFNetwork.framework */; };
		0DD47C951283828300B2787A /* MMFAppDelegate.m in Sources */ = {isa = PBXBuildFile; fileRef = 0D09CAA5125D757200DB4FBC /* MMFAppDelegate.m */; };
		0DE266D412E114E3007A6614 /* MMFBaseTestCase.m in Sources */ = {isa = PBXBuildFile; fileRef = 0DE266D312E114E3007A6614 /* MMFBaseTestCase.m */; };
		0DE2680412E131E6007A6614 /* CFNetwork.framework in Frameworks */ = {isa = PBXBuildFile; fileRef = 0DD2A8B412BD070000D3F1B5 /* CFNetwork.framework */; };
		0DE2680912E131FF007A6614 /* SystemConfiguration.framework in Frameworks */ = {isa = PBXBuildFile; fileRef = 0DE2680812E131FF007A6614 /* SystemConfiguration.framework */; };
		0DE2688312E15524007A6614 /* MMFBaseOperationTests.m in Sources */ = {isa = PBXBuildFile; fileRef = 0DE2688212E15524007A6614 /* MMFBaseOperationTests.m */; };
		0DE268A812E15ECF007A6614 /* MMFDownloadURLOperationTests.m in Sources */ = {isa = PBXBuildFile; fileRef = 0DE268A712E15ECF007A6614 /* MMFDownloadURLOperationTests.m */; };
		0DE268AA12E15EE4007A6614 /* MMFFlickrSearchOperationTests.m in Sources */ = {isa = PBXBuildFile; fileRef = 0DE268A912E15EE4007A6614 /* MMFFlickrSearchOperationTests.m */; };
		0DE268AC12E15EF9007A6614 /* MMFHtmlSearchOperationTests.m in Sources */ = {isa = PBXBuildFile; fileRef = 0DE268AB12E15EF9007A6614 /* MMFHtmlSearchOperationTests.m */; };
		0DE2698812E379B8007A6614 /* libOCMock.a in Frameworks */ = {isa = PBXBuildFile; fileRef = 0DE2698112E377D5007A6614 /* libOCMock.a */; };
		0DE269AC12E38027007A6614 /* libFringeTools.a in Frameworks */ = {isa = PBXBuildFile; fileRef = D2AAC07E0554694100DB518D /* libFringeTools.a */; };
		0DE269B112E38B5F007A6614 /* libxml2.dylib in Frameworks */ = {isa = PBXBuildFile; fileRef = 0DD2A86312BC597C00D3F1B5 /* libxml2.dylib */; };
		0DE26B0612E3EB3A007A6614 /* MMFMockObserver.m in Sources */ = {isa = PBXBuildFile; fileRef = 0DE26B0512E3EB3A007A6614 /* MMFMockObserver.m */; };
		0DF3B34E135265BC00799C44 /* MMFFlickrPhoto.m in Sources */ = {isa = PBXBuildFile; fileRef = 0DF3B34613525A3700799C44 /* MMFFlickrPhoto.m */; };
		AACBBE4A0F95108600F1A2B1 /* Foundation.framework in Frameworks */ = {isa = PBXBuildFile; fileRef = AACBBE490F95108600F1A2B1 /* Foundation.framework */; };
		B7AAAC51124EFDD2002D3030 /* MMFBaseOperation.m in Sources */ = {isa = PBXBuildFile; fileRef = B7AAAC4D124EFDD2002D3030 /* MMFBaseOperation.m */; };
		B7AAADDA12516B32002D3030 /* MMFFileCache.m in Sources */ = {isa = PBXBuildFile; fileRef = B7AAADD812516B32002D3030 /* MMFFileCache.m */; };
/* End PBXBuildFile section */

/* Begin PBXContainerItemProxy section */
		0DAAC3BA12837C33005AAC96 /* PBXContainerItemProxy */ = {
			isa = PBXContainerItemProxy;
			containerPortal = 0867D690FE84028FC02AAC07 /* Project object */;
			proxyType = 1;
			remoteGlobalIDString = D2AAC07D0554694100DB518D;
			remoteInfo = FringeTools;
		};
		0DB180E313DB5486002A6270 /* PBXContainerItemProxy */ = {
			isa = PBXContainerItemProxy;
			containerPortal = 0DB180D913DB5485002A6270 /* Hpple.xcodeproj */;
			proxyType = 2;
			remoteGlobalIDString = 1D6058910D05DD3D006BFB54;
			remoteInfo = Hpple;
		};
		0DB180E513DB5486002A6270 /* PBXContainerItemProxy */ = {
			isa = PBXContainerItemProxy;
			containerPortal = 0DB180D913DB5485002A6270 /* Hpple.xcodeproj */;
			proxyType = 2;
			remoteGlobalIDString = 75D785A30F34DFB000173CB6;
			remoteInfo = Test;
		};
		0DD2A89512BD06B500D3F1B5 /* PBXContainerItemProxy */ = {
			isa = PBXContainerItemProxy;
			containerPortal = 0DD2A88C12BD06B500D3F1B5 /* ObjectiveFlickr.xcodeproj */;
			proxyType = 2;
			remoteGlobalIDString = 6A8666490F9593B200325E1C;
			remoteInfo = "ObjectiveFlickr (framework)";
		};
		0DD2A89712BD06B500D3F1B5 /* PBXContainerItemProxy */ = {
			isa = PBXContainerItemProxy;
			containerPortal = 0DD2A88C12BD06B500D3F1B5 /* ObjectiveFlickr.xcodeproj */;
			proxyType = 2;
			remoteGlobalIDString = 6ABF72E60F939BE600B9179E;
			remoteInfo = "ObjectiveFlickr (library)";
		};
		0DE266F712E12C53007A6614 /* PBXContainerItemProxy */ = {
			isa = PBXContainerItemProxy;
			containerPortal = 0DD2A88C12BD06B500D3F1B5 /* ObjectiveFlickr.xcodeproj */;
			proxyType = 1;
			remoteGlobalIDString = 6ABF72E50F939BE600B9179E;
			remoteInfo = "ObjectiveFlickr (library)";
		};
		0DE2697C12E377D5007A6614 /* PBXContainerItemProxy */ = {
			isa = PBXContainerItemProxy;
			containerPortal = 0DE2697412E377D5007A6614 /* OCMock.xcodeproj */;
			proxyType = 2;
			remoteGlobalIDString = 8DC2EF5B0486A6940098B216;
			remoteInfo = OCMock;
		};
		0DE2697E12E377D5007A6614 /* PBXContainerItemProxy */ = {
			isa = PBXContainerItemProxy;
			containerPortal = 0DE2697412E377D5007A6614 /* OCMock.xcodeproj */;
			proxyType = 2;
			remoteGlobalIDString = 03BF2D3708F1C69500978C59;
			remoteInfo = OCMockTests;
		};
		0DE2698012E377D5007A6614 /* PBXContainerItemProxy */ = {
			isa = PBXContainerItemProxy;
			containerPortal = 0DE2697412E377D5007A6614 /* OCMock.xcodeproj */;
			proxyType = 2;
			remoteGlobalIDString = 033C84AF11F585CB0009B9CD;
			remoteInfo = OCMockPhoneSim;
		};
		0DE2698212E377D5007A6614 /* PBXContainerItemProxy */ = {
			isa = PBXContainerItemProxy;
			containerPortal = 0DE2697412E377D5007A6614 /* OCMock.xcodeproj */;
			proxyType = 2;
			remoteGlobalIDString = 03DAC01F11FEB771007AF17B;
			remoteInfo = OCMockPhoneDevice;
		};
		0DE2698412E3796B007A6614 /* PBXContainerItemProxy */ = {
			isa = PBXContainerItemProxy;
			containerPortal = 0DE2697412E377D5007A6614 /* OCMock.xcodeproj */;
			proxyType = 1;
			remoteGlobalIDString = 033C84AE11F585CB0009B9CD;
			remoteInfo = OCMockPhoneSim;
		};
/* End PBXContainerItemProxy section */

/* Begin PBXFileReference section */
		0D09CAA4125D757200DB4FBC /* MMFAppDelegate.h */ = {isa = PBXFileReference; fileEncoding = 4; lastKnownFileType = sourcecode.c.h; path = MMFAppDelegate.h; sourceTree = "<group>"; };
		0D09CAA5125D757200DB4FBC /* MMFAppDelegate.m */ = {isa = PBXFileReference; fileEncoding = 4; lastKnownFileType = sourcecode.c.objc; path = MMFAppDelegate.m; sourceTree = "<group>"; };
		0D177F3D12ECD0C600B1FFD2 /* MMFThreadedOperation.h */ = {isa = PBXFileReference; fileEncoding = 4; lastKnownFileType = sourcecode.c.h; path = MMFThreadedOperation.h; sourceTree = "<group>"; };
		0D177F3E12ECD0C600B1FFD2 /* MMFThreadedOperation.m */ = {isa = PBXFileReference; fileEncoding = 4; lastKnownFileType = sourcecode.c.objc; path = MMFThreadedOperation.m; sourceTree = "<group>"; };
		0D177FDF12ED394A00B1FFD2 /* test-data.txt */ = {isa = PBXFileReference; fileEncoding = 4; lastKnownFileType = text; path = "test-data.txt"; sourceTree = "<group>"; };
		0D1BD7491308D0DA00A2D142 /* MMFURLSearchDelegate.h */ = {isa = PBXFileReference; fileEncoding = 4; lastKnownFileType = sourcecode.c.h; path = MMFURLSearchDelegate.h; sourceTree = "<group>"; };
		0D2C39A713AC44A20055372F /* LFHTTPRequest.h */ = {isa = PBXFileReference; fileEncoding = 4; lastKnownFileType = sourcecode.c.h; path = LFHTTPRequest.h; sourceTree = "<group>"; };
		0D2C39A813AC44A20055372F /* LFHTTPRequest.m */ = {isa = PBXFileReference; fileEncoding = 4; lastKnownFileType = sourcecode.c.objc; path = LFHTTPRequest.m; sourceTree = "<group>"; };
		0D2C39A913AC44A20055372F /* LFSiteReachability.h */ = {isa = PBXFileReference; fileEncoding = 4; lastKnownFileType = sourcecode.c.h; path = LFSiteReachability.h; sourceTree = "<group>"; };
		0D2C39AA13AC44A20055372F /* LFSiteReachability.m */ = {isa = PBXFileReference; fileEncoding = 4; lastKnownFileType = sourcecode.c.objc; path = LFSiteReachability.m; sourceTree = "<group>"; };
		0D2C39AB13AC44A20055372F /* LFWebAPIKit.h */ = {isa = PBXFileReference; fileEncoding = 4; lastKnownFileType = sourcecode.c.h; path = LFWebAPIKit.h; sourceTree = "<group>"; };
		0D2C39AC13AC44A20055372F /* NSData+LFHTTPFormExtensions.h */ = {isa = PBXFileReference; fileEncoding = 4; lastKnownFileType = sourcecode.c.h; path = "NSData+LFHTTPFormExtensions.h"; sourceTree = "<group>"; };
		0D2C39AD13AC44A20055372F /* NSData+LFHTTPFormExtensions.m */ = {isa = PBXFileReference; fileEncoding = 4; lastKnownFileType = sourcecode.c.objc; path = "NSData+LFHTTPFormExtensions.m"; sourceTree = "<group>"; };
		0D2C39E913AC44A20055372F /* ObjectiveFlickr.h */ = {isa = PBXFileReference; fileEncoding = 4; lastKnownFileType = sourcecode.c.h; path = ObjectiveFlickr.h; sourceTree = "<group>"; };
		0D2C39EA13AC44A20055372F /* ObjectiveFlickr.m */ = {isa = PBXFileReference; fileEncoding = 4; lastKnownFileType = sourcecode.c.objc; path = ObjectiveFlickr.m; sourceTree = "<group>"; };
		0D2C39EB13AC44A20055372F /* OFUtilities.h */ = {isa = PBXFileReference; fileEncoding = 4; lastKnownFileType = sourcecode.c.h; path = OFUtilities.h; sourceTree = "<group>"; };
		0D2C39EC13AC44A20055372F /* OFXMLMapper.h */ = {isa = PBXFileReference; fileEncoding = 4; lastKnownFileType = sourcecode.c.h; path = OFXMLMapper.h; sourceTree = "<group>"; };
		0D2C39ED13AC44A20055372F /* OFXMLMapper.m */ = {isa = PBXFileReference; fileEncoding = 4; lastKnownFileType = sourcecode.c.objc; path = OFXMLMapper.m; sourceTree = "<group>"; };
		0D3E648112E00D0400F9A39F /* GHUnit.framework */ = {isa = PBXFileReference; lastKnownFileType = wrapper.framework; name = GHUnit.framework; path = "../external-lib/GHUnit.framework"; sourceTree = SOURCE_ROOT; };
		0D3E659D12E012AE00F9A39F /* GHUnitIOSTestMain.m */ = {isa = PBXFileReference; fileEncoding = 4; lastKnownFileType = sourcecode.c.objc; name = GHUnitIOSTestMain.m; path = "../external-lib/GHUnit-iOS/GHUnitIOSTestMain.m"; sourceTree = SOURCE_ROOT; };
		0D3E659F12E012C200F9A39F /* GHUnitIPhoneAppDelegate.h */ = {isa = PBXFileReference; fileEncoding = 4; lastKnownFileType = sourcecode.c.h; name = GHUnitIPhoneAppDelegate.h; path = "../external-lib/GHUnit-iOS/GHUnitIPhoneAppDelegate.h"; sourceTree = SOURCE_ROOT; };
		0D3E65AC12E012FC00F9A39F /* libGHUnitIOSDevice.a */ = {isa = PBXFileReference; lastKnownFileType = archive.ar; name = libGHUnitIOSDevice.a; path = "../external-lib/GHUnit-iOS/libGHUnitIOSDevice.a"; sourceTree = SOURCE_ROOT; };
		0D3E65AD12E012FC00F9A39F /* libGHUnitIOSSimulator.a */ = {isa = PBXFileReference; lastKnownFileType = archive.ar; name = libGHUnitIOSSimulator.a; path = "../external-lib/GHUnit-iOS/libGHUnitIOSSimulator.a"; sourceTree = SOURCE_ROOT; };
		0D3E65BE12E0154B00F9A39F /* MMFFileCacheTests.m */ = {isa = PBXFileReference; fileEncoding = 4; lastKnownFileType = sourcecode.c.objc; path = MMFFileCacheTests.m; sourceTree = "<group>"; };
		0D647ACE127FB46800633A57 /* iOS Test App.app */ = {isa = PBXFileReference; explicitFileType = wrapper.application; includeInIndex = 0; path = "iOS Test App.app"; sourceTree = BUILT_PRODUCTS_DIR; };
		0D647AD0127FB46800633A57 /* UIKit.framework */ = {isa = PBXFileReference; lastKnownFileType = wrapper.framework; name = UIKit.framework; path = System/Library/Frameworks/UIKit.framework; sourceTree = SDKROOT; };
		0D647AD2127FB46800633A57 /* Foundation.framework */ = {isa = PBXFileReference; lastKnownFileType = wrapper.framework; name = Foundation.framework; path = System/Library/Frameworks/Foundation.framework; sourceTree = SDKROOT; };
		0D647AD4127FB46800633A57 /* CoreGraphics.framework */ = {isa = PBXFileReference; lastKnownFileType = wrapper.framework; name = CoreGraphics.framework; path = System/Library/Frameworks/CoreGraphics.framework; sourceTree = SDKROOT; };
		0D647AD6127FB46800633A57 /* iOS_Test_App-Info.plist */ = {isa = PBXFileReference; lastKnownFileType = text.plist.xml; path = "iOS_Test_App-Info.plist"; sourceTree = "<group>"; };
		0D647AD7127FB46800633A57 /* iOS_Test_App_Prefix.pch */ = {isa = PBXFileReference; lastKnownFileType = sourcecode.c.h; path = iOS_Test_App_Prefix.pch; sourceTree = "<group>"; };
		0D647AD9127FB46800633A57 /* en */ = {isa = PBXFileReference; lastKnownFileType = text.plist.strings; name = en; path = en.lproj/InfoPlist.strings; sourceTree = "<group>"; };
		0D647ADB127FB46900633A57 /* main.m */ = {isa = PBXFileReference; lastKnownFileType = sourcecode.c.objc; path = main.m; sourceTree = "<group>"; };
		0D647ADD127FB46900633A57 /* iOS_Test_AppAppDelegate.h */ = {isa = PBXFileReference; lastKnownFileType = sourcecode.c.h; path = iOS_Test_AppAppDelegate.h; sourceTree = "<group>"; };
		0D647ADE127FB46900633A57 /* iOS_Test_AppAppDelegate.m */ = {isa = PBXFileReference; lastKnownFileType = sourcecode.c.objc; path = iOS_Test_AppAppDelegate.m; sourceTree = "<group>"; };
		0D647AE1127FB46900633A57 /* en */ = {isa = PBXFileReference; lastKnownFileType = file.xib; name = en; path = en.lproj/MainWindow.xib; sourceTree = "<group>"; };
		0D647AE3127FB46900633A57 /* iOS_Test_AppViewController.h */ = {isa = PBXFileReference; lastKnownFileType = sourcecode.c.h; path = iOS_Test_AppViewController.h; sourceTree = "<group>"; };
		0D647AE4127FB46900633A57 /* iOS_Test_AppViewController.m */ = {isa = PBXFileReference; lastKnownFileType = sourcecode.c.objc; path = iOS_Test_AppViewController.m; sourceTree = "<group>"; };
		0D647AE7127FB46900633A57 /* en */ = {isa = PBXFileReference; lastKnownFileType = file.xib; name = en; path = en.lproj/iOS_Test_AppViewController.xib; sourceTree = "<group>"; };
		0D9BD93912EB41620021909F /* MMFMockObserverTests.m */ = {isa = PBXFileReference; fileEncoding = 4; lastKnownFileType = sourcecode.c.objc; path = MMFMockObserverTests.m; sourceTree = "<group>"; };
		0DAAC3B212837AAE005AAC96 /* CoreGraphics.framework */ = {isa = PBXFileReference; lastKnownFileType = wrapper.framework; name = CoreGraphics.framework; path = System/Library/Frameworks/CoreGraphics.framework; sourceTree = SDKROOT; };
		0DAAC3B412837B0E005AAC96 /* UIKit.framework */ = {isa = PBXFileReference; lastKnownFileType = wrapper.framework; name = UIKit.framework; path = System/Library/Frameworks/UIKit.framework; sourceTree = SDKROOT; };
		0DADEDB2130F501100C067F8 /* MMFSearchOperation.h */ = {isa = PBXFileReference; fileEncoding = 4; lastKnownFileType = sourcecode.c.h; path = MMFSearchOperation.h; sourceTree = "<group>"; };
		0DADEDB3130F501100C067F8 /* MMFSearchOperation.m */ = {isa = PBXFileReference; fileEncoding = 4; lastKnownFileType = sourcecode.c.objc; path = MMFSearchOperation.m; sourceTree = "<group>"; };
		0DB180D913DB5485002A6270 /* Hpple.xcodeproj */ = {isa = PBXFileReference; lastKnownFileType = "wrapper.pb-project"; name = Hpple.xcodeproj; path = "../external/zadr-hpple/Hpple.xcodeproj"; sourceTree = "<group>"; };
		0DB180FC13DB5DC1002A6270 /* TFHpple.h */ = {isa = PBXFileReference; fileEncoding = 4; lastKnownFileType = sourcecode.c.h; path = TFHpple.h; sourceTree = "<group>"; };
		0DB180FD13DB5DC1002A6270 /* TFHpple.m */ = {isa = PBXFileReference; fileEncoding = 4; lastKnownFileType = sourcecode.c.objc; path = TFHpple.m; sourceTree = "<group>"; };
		0DB180FE13DB5DC1002A6270 /* TFHppleElement.h */ = {isa = PBXFileReference; fileEncoding = 4; lastKnownFileType = sourcecode.c.h; path = TFHppleElement.h; sourceTree = "<group>"; };
		0DB180FF13DB5DC1002A6270 /* TFHppleElement.m */ = {isa = PBXFileReference; fileEncoding = 4; lastKnownFileType = sourcecode.c.objc; path = TFHppleElement.m; sourceTree = "<group>"; };
		0DB1810013DB5DC1002A6270 /* XPathQuery.m */ = {isa = PBXFileReference; fileEncoding = 4; lastKnownFileType = sourcecode.c.objc; path = XPathQuery.m; sourceTree = "<group>"; };
		0DB1810113DB5DC1002A6270 /* XPathQuery.h */ = {isa = PBXFileReference; fileEncoding = 4; lastKnownFileType = sourcecode.c.h; path = XPathQuery.h; sourceTree = "<group>"; };
		0DB1810813DB5FC4002A6270 /* MMFPhoto.h */ = {isa = PBXFileReference; fileEncoding = 4; lastKnownFileType = sourcecode.c.h; path = MMFPhoto.h; sourceTree = "<group>"; };
		0DB1810913DB5FC4002A6270 /* MMFPhoto.m */ = {isa = PBXFileReference; fileEncoding = 4; lastKnownFileType = sourcecode.c.objc; path = MMFPhoto.m; sourceTree = "<group>"; };
		0DB9B73A12C52C4A0078F0B3 /* MMFOs.h */ = {isa = PBXFileReference; fileEncoding = 4; lastKnownFileType = sourcecode.c.h; path = MMFOs.h; sourceTree = "<group>"; };
		0DD2A84B12BC566500D3F1B5 /* MMFFlickrSearchOperation.h */ = {isa = PBXFileReference; fileEncoding = 4; lastKnownFileType = sourcecode.c.h; path = MMFFlickrSearchOperation.h; sourceTree = "<group>"; };
		0DD2A84C12BC566500D3F1B5 /* MMFFlickrSearchOperation.m */ = {isa = PBXFileReference; fileEncoding = 4; lastKnownFileType = sourcecode.c.objc; path = MMFFlickrSearchOperation.m; sourceTree = "<group>"; };
		0DD2A84D12BC566500D3F1B5 /* MMFHtmlSearchOperation.h */ = {isa = PBXFileReference; fileEncoding = 4; lastKnownFileType = sourcecode.c.h; path = MMFHtmlSearchOperation.h; sourceTree = "<group>"; };
		0DD2A84E12BC566500D3F1B5 /* MMFHtmlSearchOperation.m */ = {isa = PBXFileReference; fileEncoding = 4; lastKnownFileType = sourcecode.c.objc; path = MMFHtmlSearchOperation.m; sourceTree = "<group>"; };
		0DD2A86312BC597C00D3F1B5 /* libxml2.dylib */ = {isa = PBXFileReference; lastKnownFileType = "compiled.mach-o.dylib"; name = libxml2.dylib; path = usr/lib/libxml2.dylib; sourceTree = SDKROOT; };
		0DD2A88C12BD06B500D3F1B5 /* ObjectiveFlickr.xcodeproj */ = {isa = PBXFileReference; lastKnownFileType = "wrapper.pb-project"; name = ObjectiveFlickr.xcodeproj; path = ../objectiveflickr/ObjectiveFlickr.xcodeproj; sourceTree = SOURCE_ROOT; };
		0DD2A8B412BD070000D3F1B5 /* CFNetwork.framework */ = {isa = PBXFileReference; lastKnownFileType = wrapper.framework; name = CFNetwork.framework; path = System/Library/Frameworks/CFNetwork.framework; sourceTree = SDKROOT; };
		0DD2A90212BD3CAF00D3F1B5 /* MMFDownloadDelegate.h */ = {isa = PBXFileReference; fileEncoding = 4; lastKnownFileType = sourcecode.c.h; path = MMFDownloadDelegate.h; sourceTree = "<group>"; };
		0DD2AB0112BE7E1C00D3F1B5 /* FringeTools.h */ = {isa = PBXFileReference; fileEncoding = 4; lastKnownFileType = sourcecode.c.h; path = FringeTools.h; sourceTree = "<group>"; };
		0DE266D212E114E3007A6614 /* MMFBaseTestCase.h */ = {isa = PBXFileReference; fileEncoding = 4; lastKnownFileType = sourcecode.c.h; path = MMFBaseTestCase.h; sourceTree = "<group>"; };
		0DE266D312E114E3007A6614 /* MMFBaseTestCase.m */ = {isa = PBXFileReference; fileEncoding = 4; lastKnownFileType = sourcecode.c.objc; path = MMFBaseTestCase.m; sourceTree = "<group>"; };
		0DE2680812E131FF007A6614 /* SystemConfiguration.framework */ = {isa = PBXFileReference; lastKnownFileType = wrapper.framework; name = SystemConfiguration.framework; path = System/Library/Frameworks/SystemConfiguration.framework; sourceTree = SDKROOT; };
		0DE2688212E15524007A6614 /* MMFBaseOperationTests.m */ = {isa = PBXFileReference; fileEncoding = 4; lastKnownFileType = sourcecode.c.objc; path = MMFBaseOperationTests.m; sourceTree = "<group>"; };
		0DE268A712E15ECF007A6614 /* MMFDownloadURLOperationTests.m */ = {isa = PBXFileReference; fileEncoding = 4; lastKnownFileType = sourcecode.c.objc; path = MMFDownloadURLOperationTests.m; sourceTree = "<group>"; };
		0DE268A912E15EE4007A6614 /* MMFFlickrSearchOperationTests.m */ = {isa = PBXFileReference; fileEncoding = 4; lastKnownFileType = sourcecode.c.objc; path = MMFFlickrSearchOperationTests.m; sourceTree = "<group>"; };
		0DE268AB12E15EF9007A6614 /* MMFHtmlSearchOperationTests.m */ = {isa = PBXFileReference; fileEncoding = 4; lastKnownFileType = sourcecode.c.objc; path = MMFHtmlSearchOperationTests.m; sourceTree = "<group>"; };
		0DE2697412E377D5007A6614 /* OCMock.xcodeproj */ = {isa = PBXFileReference; lastKnownFileType = "wrapper.pb-project"; name = OCMock.xcodeproj; path = ../external/OCMock/Source/OCMock.xcodeproj; sourceTree = SOURCE_ROOT; };
		0DE26B0412E3EB3A007A6614 /* MMFMockObserver.h */ = {isa = PBXFileReference; fileEncoding = 4; lastKnownFileType = sourcecode.c.h; path = MMFMockObserver.h; sourceTree = "<group>"; };
		0DE26B0512E3EB3A007A6614 /* MMFMockObserver.m */ = {isa = PBXFileReference; fileEncoding = 4; lastKnownFileType = sourcecode.c.objc; path = MMFMockObserver.m; sourceTree = "<group>"; };
		0DF3B34513525A3700799C44 /* MMFFlickrPhoto.h */ = {isa = PBXFileReference; fileEncoding = 4; lastKnownFileType = sourcecode.c.h; path = MMFFlickrPhoto.h; sourceTree = "<group>"; };
		0DF3B34613525A3700799C44 /* MMFFlickrPhoto.m */ = {isa = PBXFileReference; fileEncoding = 4; lastKnownFileType = sourcecode.c.objc; path = MMFFlickrPhoto.m; sourceTree = "<group>"; };
		AA747D9E0F9514B9006C5449 /* FringeTools_Prefix.pch */ = {isa = PBXFileReference; fileEncoding = 4; lastKnownFileType = sourcecode.c.h; path = FringeTools_Prefix.pch; sourceTree = SOURCE_ROOT; };
		AACBBE490F95108600F1A2B1 /* Foundation.framework */ = {isa = PBXFileReference; lastKnownFileType = wrapper.framework; name = Foundation.framework; path = System/Library/Frameworks/Foundation.framework; sourceTree = SDKROOT; };
		B7AAAC4C124EFDD2002D3030 /* MMFBaseOperation.h */ = {isa = PBXFileReference; fileEncoding = 4; lastKnownFileType = sourcecode.c.h; path = MMFBaseOperation.h; sourceTree = "<group>"; };
		B7AAAC4D124EFDD2002D3030 /* MMFBaseOperation.m */ = {isa = PBXFileReference; fileEncoding = 4; lastKnownFileType = sourcecode.c.objc; path = MMFBaseOperation.m; sourceTree = "<group>"; };
		B7AAAC4E124EFDD2002D3030 /* MMFDownloadURLOperation.h */ = {isa = PBXFileReference; fileEncoding = 4; lastKnownFileType = sourcecode.c.h; path = MMFDownloadURLOperation.h; sourceTree = "<group>"; };
		B7AAAC4F124EFDD2002D3030 /* MMFDownloadURLOperation.m */ = {isa = PBXFileReference; fileEncoding = 4; lastKnownFileType = sourcecode.c.objc; path = MMFDownloadURLOperation.m; sourceTree = "<group>"; };
		B7AAAC54124EFE3B002D3030 /* MMFAnalytics.h */ = {isa = PBXFileReference; fileEncoding = 4; lastKnownFileType = sourcecode.c.h; path = MMFAnalytics.h; sourceTree = "<group>"; };
		B7AAAC6B124F0587002D3030 /* MMFLogging.h */ = {isa = PBXFileReference; fileEncoding = 4; lastKnownFileType = sourcecode.c.h; path = MMFLogging.h; sourceTree = "<group>"; };
		B7AAADD712516B32002D3030 /* MMFFileCache.h */ = {isa = PBXFileReference; fileEncoding = 4; lastKnownFileType = sourcecode.c.h; path = MMFFileCache.h; sourceTree = "<group>"; };
		B7AAADD812516B32002D3030 /* MMFFileCache.m */ = {isa = PBXFileReference; fileEncoding = 4; lastKnownFileType = sourcecode.c.objc; path = MMFFileCache.m; sourceTree = "<group>"; };
		D2AAC07E0554694100DB518D /* libFringeTools.a */ = {isa = PBXFileReference; explicitFileType = archive.ar; includeInIndex = 0; path = libFringeTools.a; sourceTree = BUILT_PRODUCTS_DIR; };
/* End PBXFileReference section */

/* Begin PBXFrameworksBuildPhase section */
		0D647ACB127FB46800633A57 /* Frameworks */ = {
			isa = PBXFrameworksBuildPhase;
			buildActionMask = 2147483647;
			files = (
				0D647AD3127FB46800633A57 /* Foundation.framework in Frameworks */,
				0D647AD1127FB46800633A57 /* UIKit.framework in Frameworks */,
				0D647AD5127FB46800633A57 /* CoreGraphics.framework in Frameworks */,
				0DE2680412E131E6007A6614 /* CFNetwork.framework in Frameworks */,
				0DE2680912E131FF007A6614 /* SystemConfiguration.framework in Frameworks */,
				0DE269B112E38B5F007A6614 /* libxml2.dylib in Frameworks */,
				0D3E65AF12E012FC00F9A39F /* libGHUnitIOSSimulator.a in Frameworks */,
				0DE2698812E379B8007A6614 /* libOCMock.a in Frameworks */,
				0DE269AC12E38027007A6614 /* libFringeTools.a in Frameworks */,
			);
			runOnlyForDeploymentPostprocessing = 0;
		};
		D2AAC07C0554694100DB518D /* Frameworks */ = {
			isa = PBXFrameworksBuildPhase;
			buildActionMask = 2147483647;
			files = (
				AACBBE4A0F95108600F1A2B1 /* Foundation.framework in Frameworks */,
				0DAAC3B312837AAE005AAC96 /* CoreGraphics.framework in Frameworks */,
				0DAAC3B512837B0E005AAC96 /* UIKit.framework in Frameworks */,
				0DD2A86412BC597C00D3F1B5 /* libxml2.dylib in Frameworks */,
				0DD2A8B512BD070000D3F1B5 /* CFNetwork.framework in Frameworks */,
			);
			runOnlyForDeploymentPostprocessing = 0;
		};
/* End PBXFrameworksBuildPhase section */

/* Begin PBXGroup section */
		034768DFFF38A50411DB9C8B /* Products */ = {
			isa = PBXGroup;
			children = (
				D2AAC07E0554694100DB518D /* libFringeTools.a */,
				0D647ACE127FB46800633A57 /* iOS Test App.app */,
			);
			name = Products;
			sourceTree = "<group>";
		};
		0867D691FE84028FC02AAC07 /* FringeTools */ = {
			isa = PBXGroup;
			children = (
				0DD2A88C12BD06B500D3F1B5 /* ObjectiveFlickr.xcodeproj */,
				0DB180D913DB5485002A6270 /* Hpple.xcodeproj */,
				0DE2697412E377D5007A6614 /* OCMock.xcodeproj */,
				0D83646412DD33580015EBF3 /* Classes */,
				32C88DFF0371C24200C91783 /* Other Sources */,
				0867D69AFE84028FC02AAC07 /* Frameworks */,
				034768DFFF38A50411DB9C8B /* Products */,
				0D647AC5127FB46700633A57 /* iOS Test App */,
			);
			name = FringeTools;
			sourceTree = "<group>";
		};
		0867D69AFE84028FC02AAC07 /* Frameworks */ = {
			isa = PBXGroup;
			children = (
				0DAAC3B412837B0E005AAC96 /* UIKit.framework */,
				0DAAC3B212837AAE005AAC96 /* CoreGraphics.framework */,
				0DD2A86312BC597C00D3F1B5 /* libxml2.dylib */,
				AACBBE490F95108600F1A2B1 /* Foundation.framework */,
				0DD2A8B412BD070000D3F1B5 /* CFNetwork.framework */,
			);
			name = Frameworks;
			sourceTree = "<group>";
		};
		08FB77AEFE84172EC02AAC07 /* FringeTools */ = {
			isa = PBXGroup;
			children = (
				0DD2AB0112BE7E1C00D3F1B5 /* FringeTools.h */,
				0DB9B73A12C52C4A0078F0B3 /* MMFOs.h */,
				0D09CAA4125D757200DB4FBC /* MMFAppDelegate.h */,
				0D09CAA5125D757200DB4FBC /* MMFAppDelegate.m */,
				B7AAAC6B124F0587002D3030 /* MMFLogging.h */,
				B7AAAC54124EFE3B002D3030 /* MMFAnalytics.h */,
				B7AAADD712516B32002D3030 /* MMFFileCache.h */,
				B7AAADD812516B32002D3030 /* MMFFileCache.m */,
			);
			path = FringeTools;
			sourceTree = "<group>";
		};
		0D2C39A513AC44750055372F /* ObjectiveFlickr */ = {
			isa = PBXGroup;
			children = (
				0D2C39E813AC44A20055372F /* Source */,
				0D2C39A613AC44A20055372F /* LFWebAPIKit */,
			);
			name = ObjectiveFlickr;
			sourceTree = "<group>";
		};
		0D2C39A613AC44A20055372F /* LFWebAPIKit */ = {
			isa = PBXGroup;
			children = (
				0D2C39A713AC44A20055372F /* LFHTTPRequest.h */,
				0D2C39A813AC44A20055372F /* LFHTTPRequest.m */,
				0D2C39A913AC44A20055372F /* LFSiteReachability.h */,
				0D2C39AA13AC44A20055372F /* LFSiteReachability.m */,
				0D2C39AB13AC44A20055372F /* LFWebAPIKit.h */,
				0D2C39AC13AC44A20055372F /* NSData+LFHTTPFormExtensions.h */,
				0D2C39AD13AC44A20055372F /* NSData+LFHTTPFormExtensions.m */,
			);
			name = LFWebAPIKit;
			path = ../../objectiveflickr/LFWebAPIKit;
			sourceTree = "<group>";
		};
		0D2C39E813AC44A20055372F /* Source */ = {
			isa = PBXGroup;
			children = (
				0D2C39E913AC44A20055372F /* ObjectiveFlickr.h */,
				0D2C39EA13AC44A20055372F /* ObjectiveFlickr.m */,
				0D2C39EB13AC44A20055372F /* OFUtilities.h */,
				0D2C39EC13AC44A20055372F /* OFXMLMapper.h */,
				0D2C39ED13AC44A20055372F /* OFXMLMapper.m */,
			);
			name = Source;
			path = ../../objectiveflickr/Source;
			sourceTree = "<group>";
		};
		0D647AC5127FB46700633A57 /* iOS Test App */ = {
			isa = PBXGroup;
			children = (
				0D647AC6127FB46800633A57 /* Classes */,
				0DE2687E12E152E8007A6614 /* Tests */,
				0D647AC7127FB46800633A57 /* Other Sources */,
				0D647AC8127FB46800633A57 /* Resources */,
				0D647AC9127FB46800633A57 /* Frameworks */,
			);
			path = "iOS Test App";
			sourceTree = "<group>";
		};
		0D647AC6127FB46800633A57 /* Classes */ = {
			isa = PBXGroup;
			children = (
				0D647ADD127FB46900633A57 /* iOS_Test_AppAppDelegate.h */,
				0D647ADE127FB46900633A57 /* iOS_Test_AppAppDelegate.m */,
				0D647AE3127FB46900633A57 /* iOS_Test_AppViewController.h */,
				0D647AE4127FB46900633A57 /* iOS_Test_AppViewController.m */,
			);
			path = Classes;
			sourceTree = "<group>";
		};
		0D647AC7127FB46800633A57 /* Other Sources */ = {
			isa = PBXGroup;
			children = (
				0D647AD7127FB46800633A57 /* iOS_Test_App_Prefix.pch */,
				0D647ADB127FB46900633A57 /* main.m */,
			);
			name = "Other Sources";
			sourceTree = "<group>";
		};
		0D647AC8127FB46800633A57 /* Resources */ = {
			isa = PBXGroup;
			children = (
				0D647AD6127FB46800633A57 /* iOS_Test_App-Info.plist */,
				0D647AD8127FB46800633A57 /* InfoPlist.strings */,
				0D647AE0127FB46900633A57 /* MainWindow.xib */,
				0D647AE6127FB46900633A57 /* iOS_Test_AppViewController.xib */,
				0D177FDF12ED394A00B1FFD2 /* test-data.txt */,
			);
			name = Resources;
			sourceTree = "<group>";
		};
		0D647AC9127FB46800633A57 /* Frameworks */ = {
			isa = PBXGroup;
			children = (
				0D647AD2127FB46800633A57 /* Foundation.framework */,
				0D647AD0127FB46800633A57 /* UIKit.framework */,
				0D647AD4127FB46800633A57 /* CoreGraphics.framework */,
				0DE2680812E131FF007A6614 /* SystemConfiguration.framework */,
				0D3E648112E00D0400F9A39F /* GHUnit.framework */,
				0D3E65AC12E012FC00F9A39F /* libGHUnitIOSDevice.a */,
				0D3E65AD12E012FC00F9A39F /* libGHUnitIOSSimulator.a */,
			);
			name = Frameworks;
			sourceTree = "<group>";
		};
		0D83646412DD33580015EBF3 /* Classes */ = {
			isa = PBXGroup;
			children = (
				0D2C39A513AC44750055372F /* ObjectiveFlickr */,
				0DB180FA13DB5DC1002A6270 /* Hpple */,
				08FB77AEFE84172EC02AAC07 /* FringeTools */,
				0DADEDB1130F4FD600C067F8 /* Operations */,
			);
			path = Classes;
			sourceTree = "<group>";
		};
		0DADEDB0130F4FAC00C067F8 /* Search Ops */ = {
			isa = PBXGroup;
			children = (
				0DB1810813DB5FC4002A6270 /* MMFPhoto.h */,
				0DB1810913DB5FC4002A6270 /* MMFPhoto.m */,
				0DF3B34513525A3700799C44 /* MMFFlickrPhoto.h */,
				0DF3B34613525A3700799C44 /* MMFFlickrPhoto.m */,
				0D1BD7491308D0DA00A2D142 /* MMFURLSearchDelegate.h */,
				0DADEDB2130F501100C067F8 /* MMFSearchOperation.h */,
				0DADEDB3130F501100C067F8 /* MMFSearchOperation.m */,
				0DD2A84B12BC566500D3F1B5 /* MMFFlickrSearchOperation.h */,
				0DD2A84C12BC566500D3F1B5 /* MMFFlickrSearchOperation.m */,
				0DD2A84D12BC566500D3F1B5 /* MMFHtmlSearchOperation.h */,
				0DD2A84E12BC566500D3F1B5 /* MMFHtmlSearchOperation.m */,
			);
			name = "Search Ops";
			sourceTree = "<group>";
		};
		0DADEDB1130F4FD600C067F8 /* Operations */ = {
			isa = PBXGroup;
			children = (
				B7AAAC4C124EFDD2002D3030 /* MMFBaseOperation.h */,
				B7AAAC4D124EFDD2002D3030 /* MMFBaseOperation.m */,
				0D177F3D12ECD0C600B1FFD2 /* MMFThreadedOperation.h */,
				0D177F3E12ECD0C600B1FFD2 /* MMFThreadedOperation.m */,
				0DADEDB0130F4FAC00C067F8 /* Search Ops */,
				0DD2A91E12BD3F0A00D3F1B5 /* Download Ops */,
			);
			name = Operations;
			path = FringeTools;
			sourceTree = "<group>";
		};
		0DB180DA13DB5485002A6270 /* Products */ = {
			isa = PBXGroup;
			children = (
				0DB180E413DB5486002A6270 /* Hpple.app */,
				0DB180E613DB5486002A6270 /* Test.app */,
			);
			name = Products;
			sourceTree = "<group>";
		};
		0DB180FA13DB5DC1002A6270 /* Hpple */ = {
			isa = PBXGroup;
			children = (
				0DB1810013DB5DC1002A6270 /* XPathQuery.m */,
				0DB1810113DB5DC1002A6270 /* XPathQuery.h */,
				0DB180FC13DB5DC1002A6270 /* TFHpple.h */,
				0DB180FD13DB5DC1002A6270 /* TFHpple.m */,
				0DB180FE13DB5DC1002A6270 /* TFHppleElement.h */,
				0DB180FF13DB5DC1002A6270 /* TFHppleElement.m */,
			);
			name = Hpple;
			path = "../../external/zadr-hpple";
			sourceTree = "<group>";
		};
		0DD2A88D12BD06B500D3F1B5 /* Products */ = {
			isa = PBXGroup;
			children = (
				0DD2A89612BD06B500D3F1B5 /* ObjectiveFlickr.framework */,
				0DD2A89812BD06B500D3F1B5 /* libObjectiveFlickr.a */,
			);
			name = Products;
			sourceTree = "<group>";
		};
		0DD2A91E12BD3F0A00D3F1B5 /* Download Ops */ = {
			isa = PBXGroup;
			children = (
				0DD2A90212BD3CAF00D3F1B5 /* MMFDownloadDelegate.h */,
				B7AAAC4E124EFDD2002D3030 /* MMFDownloadURLOperation.h */,
				B7AAAC4F124EFDD2002D3030 /* MMFDownloadURLOperation.m */,
			);
			name = "Download Ops";
			sourceTree = "<group>";
		};
		0DE2687E12E152E8007A6614 /* Tests */ = {
			isa = PBXGroup;
			children = (
				0DE2693C12E35BF6007A6614 /* Test Support */,
				0D3E65BE12E0154B00F9A39F /* MMFFileCacheTests.m */,
				0DE2688212E15524007A6614 /* MMFBaseOperationTests.m */,
				0DE268A712E15ECF007A6614 /* MMFDownloadURLOperationTests.m */,
				0DE268A912E15EE4007A6614 /* MMFFlickrSearchOperationTests.m */,
				0DE268AB12E15EF9007A6614 /* MMFHtmlSearchOperationTests.m */,
			);
			name = Tests;
			path = Classes;
			sourceTree = "<group>";
		};
		0DE2693C12E35BF6007A6614 /* Test Support */ = {
			isa = PBXGroup;
			children = (
				0D3E659F12E012C200F9A39F /* GHUnitIPhoneAppDelegate.h */,
				0D3E659D12E012AE00F9A39F /* GHUnitIOSTestMain.m */,
				0DE266D212E114E3007A6614 /* MMFBaseTestCase.h */,
				0DE266D312E114E3007A6614 /* MMFBaseTestCase.m */,
				0DE26B0412E3EB3A007A6614 /* MMFMockObserver.h */,
				0DE26B0512E3EB3A007A6614 /* MMFMockObserver.m */,
				0D9BD93912EB41620021909F /* MMFMockObserverTests.m */,
			);
			name = "Test Support";
			sourceTree = "<group>";
		};
		0DE2697512E377D5007A6614 /* Products */ = {
			isa = PBXGroup;
			children = (
				0DE2697D12E377D5007A6614 /* OCMock.framework */,
				0DE2697F12E377D5007A6614 /* OCMockTests.octest */,
				0DE2698112E377D5007A6614 /* libOCMock.a */,
				0DE2698312E377D5007A6614 /* libOCMock.a */,
			);
			name = Products;
			sourceTree = "<group>";
		};
		32C88DFF0371C24200C91783 /* Other Sources */ = {
			isa = PBXGroup;
			children = (
				AA747D9E0F9514B9006C5449 /* FringeTools_Prefix.pch */,
			);
			name = "Other Sources";
			sourceTree = "<group>";
		};
/* End PBXGroup section */

/* Begin PBXHeadersBuildPhase section */
		D2AAC07A0554694100DB518D /* Headers */ = {
			isa = PBXHeadersBuildPhase;
			buildActionMask = 2147483647;
			files = (
				0D2C39FD13AC44A20055372F /* LFHTTPRequest.h in Headers */,
				0D2C39FF13AC44A20055372F /* LFSiteReachability.h in Headers */,
				0D2C3A0113AC44A20055372F /* LFWebAPIKit.h in Headers */,
				0D2C3A0213AC44A20055372F /* NSData+LFHTTPFormExtensions.h in Headers */,
				0D2C3A1913AC44A30055372F /* ObjectiveFlickr.h in Headers */,
				0D2C3A1B13AC44A30055372F /* OFUtilities.h in Headers */,
				0D2C3A1C13AC44A30055372F /* OFXMLMapper.h in Headers */,
				0DB1810313DB5DC1002A6270 /* XPathQuery.h in Headers */,
				0DB1810413DB5DC1002A6270 /* TFHpple.h in Headers */,
				0DB1810613DB5DC1002A6270 /* TFHppleElement.h in Headers */,
				0DB1810A13DB5FC4002A6270 /* MMFPhoto.h in Headers */,
			);
			runOnlyForDeploymentPostprocessing = 0;
		};
/* End PBXHeadersBuildPhase section */

/* Begin PBXNativeTarget section */
		0D647ACD127FB46800633A57 /* iOS Test App */ = {
			isa = PBXNativeTarget;
			buildConfigurationList = 0D647AEB127FB46900633A57 /* Build configuration list for PBXNativeTarget "iOS Test App" */;
			buildPhases = (
				0D647ACA127FB46800633A57 /* Sources */,
				0D647ACB127FB46800633A57 /* Frameworks */,
				0D647ACC127FB46800633A57 /* Resources */,
			);
			buildRules = (
			);
			dependencies = (
				0DAAC3BB12837C33005AAC96 /* PBXTargetDependency */,
				0DE266F812E12C53007A6614 /* PBXTargetDependency */,
				0DE2698512E3796B007A6614 /* PBXTargetDependency */,
			);
			name = "iOS Test App";
			productName = "iOS Test App";
			productReference = 0D647ACE127FB46800633A57 /* iOS Test App.app */;
			productType = "com.apple.product-type.application";
		};
		D2AAC07D0554694100DB518D /* FringeTools */ = {
			isa = PBXNativeTarget;
			buildConfigurationList = 1DEB921E08733DC00010E9CD /* Build configuration list for PBXNativeTarget "FringeTools" */;
			buildPhases = (
				D2AAC07A0554694100DB518D /* Headers */,
				D2AAC07B0554694100DB518D /* Sources */,
				D2AAC07C0554694100DB518D /* Frameworks */,
			);
			buildRules = (
			);
			dependencies = (
			);
			name = FringeTools;
			productName = FringeTools;
			productReference = D2AAC07E0554694100DB518D /* libFringeTools.a */;
			productType = "com.apple.product-type.library.static";
		};
/* End PBXNativeTarget section */

/* Begin PBXProject section */
		0867D690FE84028FC02AAC07 /* Project object */ = {
			isa = PBXProject;
			attributes = {
				LastUpgradeCheck = 0420;
				ORGANIZATIONNAME = "MobileMethod, LLC";
			};
			buildConfigurationList = 1DEB922208733DC00010E9CD /* Build configuration list for PBXProject "FringeTools-iOS" */;
			compatibilityVersion = "Xcode 3.2";
			developmentRegion = English;
			hasScannedForEncodings = 1;
			knownRegions = (
				English,
				Japanese,
				French,
				German,
			);
			mainGroup = 0867D691FE84028FC02AAC07 /* FringeTools */;
			productRefGroup = 034768DFFF38A50411DB9C8B /* Products */;
			projectDirPath = "";
			projectReferences = (
				{
					ProductGroup = 0DB180DA13DB5485002A6270 /* Products */;
					ProjectRef = 0DB180D913DB5485002A6270 /* Hpple.xcodeproj */;
				},
				{
					ProductGroup = 0DD2A88D12BD06B500D3F1B5 /* Products */;
					ProjectRef = 0DD2A88C12BD06B500D3F1B5 /* ObjectiveFlickr.xcodeproj */;
				},
				{
					ProductGroup = 0DE2697512E377D5007A6614 /* Products */;
					ProjectRef = 0DE2697412E377D5007A6614 /* OCMock.xcodeproj */;
				},
			);
			projectRoot = "";
			targets = (
				D2AAC07D0554694100DB518D /* FringeTools */,
				0D647ACD127FB46800633A57 /* iOS Test App */,
			);
		};
/* End PBXProject section */

/* Begin PBXReferenceProxy section */
		0DB180E413DB5486002A6270 /* Hpple.app */ = {
			isa = PBXReferenceProxy;
			fileType = wrapper.application;
			path = Hpple.app;
			remoteRef = 0DB180E313DB5486002A6270 /* PBXContainerItemProxy */;
			sourceTree = BUILT_PRODUCTS_DIR;
		};
		0DB180E613DB5486002A6270 /* Test.app */ = {
			isa = PBXReferenceProxy;
			fileType = wrapper.application;
			path = Test.app;
			remoteRef = 0DB180E513DB5486002A6270 /* PBXContainerItemProxy */;
			sourceTree = BUILT_PRODUCTS_DIR;
		};
		0DD2A89612BD06B500D3F1B5 /* ObjectiveFlickr.framework */ = {
			isa = PBXReferenceProxy;
			fileType = wrapper.framework;
			path = ObjectiveFlickr.framework;
			remoteRef = 0DD2A89512BD06B500D3F1B5 /* PBXContainerItemProxy */;
			sourceTree = BUILT_PRODUCTS_DIR;
		};
		0DD2A89812BD06B500D3F1B5 /* libObjectiveFlickr.a */ = {
			isa = PBXReferenceProxy;
			fileType = archive.ar;
			path = libObjectiveFlickr.a;
			remoteRef = 0DD2A89712BD06B500D3F1B5 /* PBXContainerItemProxy */;
			sourceTree = BUILT_PRODUCTS_DIR;
		};
		0DE2697D12E377D5007A6614 /* OCMock.framework */ = {
			isa = PBXReferenceProxy;
			fileType = wrapper.framework;
			path = OCMock.framework;
			remoteRef = 0DE2697C12E377D5007A6614 /* PBXContainerItemProxy */;
			sourceTree = BUILT_PRODUCTS_DIR;
		};
		0DE2697F12E377D5007A6614 /* OCMockTests.octest */ = {
			isa = PBXReferenceProxy;
			fileType = wrapper.cfbundle;
			path = OCMockTests.octest;
			remoteRef = 0DE2697E12E377D5007A6614 /* PBXContainerItemProxy */;
			sourceTree = BUILT_PRODUCTS_DIR;
		};
		0DE2698112E377D5007A6614 /* libOCMock.a */ = {
			isa = PBXReferenceProxy;
			fileType = archive.ar;
			path = libOCMock.a;
			remoteRef = 0DE2698012E377D5007A6614 /* PBXContainerItemProxy */;
			sourceTree = BUILT_PRODUCTS_DIR;
		};
		0DE2698312E377D5007A6614 /* libOCMock.a */ = {
			isa = PBXReferenceProxy;
			fileType = archive.ar;
			path = libOCMock.a;
			remoteRef = 0DE2698212E377D5007A6614 /* PBXContainerItemProxy */;
			sourceTree = BUILT_PRODUCTS_DIR;
		};
/* End PBXReferenceProxy section */

/* Begin PBXResourcesBuildPhase section */
		0D647ACC127FB46800633A57 /* Resources */ = {
			isa = PBXResourcesBuildPhase;
			buildActionMask = 2147483647;
			files = (
				0D647ADA127FB46800633A57 /* InfoPlist.strings in Resources */,
				0D647AE2127FB46900633A57 /* MainWindow.xib in Resources */,
				0D647AE8127FB46900633A57 /* iOS_Test_AppViewController.xib in Resources */,
				0D177FE012ED394A00B1FFD2 /* test-data.txt in Resources */,
			);
			runOnlyForDeploymentPostprocessing = 0;
		};
/* End PBXResourcesBuildPhase section */

/* Begin PBXSourcesBuildPhase section */
		0D647ACA127FB46800633A57 /* Sources */ = {
			isa = PBXSourcesBuildPhase;
			buildActionMask = 2147483647;
			files = (
				0D647ADF127FB46900633A57 /* iOS_Test_AppAppDelegate.m in Sources */,
				0D647AE5127FB46900633A57 /* iOS_Test_AppViewController.m in Sources */,
				0D3E659E12E012AE00F9A39F /* GHUnitIOSTestMain.m in Sources */,
				0D3E65BF12E0154B00F9A39F /* MMFFileCacheTests.m in Sources */,
				0DE266D412E114E3007A6614 /* MMFBaseTestCase.m in Sources */,
				0DE2688312E15524007A6614 /* MMFBaseOperationTests.m in Sources */,
				0DE268A812E15ECF007A6614 /* MMFDownloadURLOperationTests.m in Sources */,
				0DE268AA12E15EE4007A6614 /* MMFFlickrSearchOperationTests.m in Sources */,
				0DE268AC12E15EF9007A6614 /* MMFHtmlSearchOperationTests.m in Sources */,
				0DE26B0612E3EB3A007A6614 /* MMFMockObserver.m in Sources */,
				0D9BD93A12EB41620021909F /* MMFMockObserverTests.m in Sources */,
			);
			runOnlyForDeploymentPostprocessing = 0;
		};
		D2AAC07B0554694100DB518D /* Sources */ = {
			isa = PBXSourcesBuildPhase;
			buildActionMask = 2147483647;
			files = (
				0DADEDB5131028A200C067F8 /* MMFSearchOperation.m in Sources */,
				0DD47C951283828300B2787A /* MMFAppDelegate.m in Sources */,
				B7AAADDA12516B32002D3030 /* MMFFileCache.m in Sources */,
				B7AAAC51124EFDD2002D3030 /* MMFBaseOperation.m in Sources */,
				0D177F4012ECD0C600B1FFD2 /* MMFThreadedOperation.m in Sources */,
				0D177FEC12ED409000B1FFD2 /* MMFDownloadURLOperation.m in Sources */,
				0DF3B34E135265BC00799C44 /* MMFFlickrPhoto.m in Sources */,
				0DD2A85612BC566500D3F1B5 /* MMFFlickrSearchOperation.m in Sources */,
				0DD2A85812BC566500D3F1B5 /* MMFHtmlSearchOperation.m in Sources */,
				0D2C39FE13AC44A20055372F /* LFHTTPRequest.m in Sources */,
				0D2C3A0013AC44A20055372F /* LFSiteReachability.m in Sources */,
				0D2C3A0313AC44A20055372F /* NSData+LFHTTPFormExtensions.m in Sources */,
				0D2C3A1A13AC44A30055372F /* ObjectiveFlickr.m in Sources */,
				0D2C3A1D13AC44A30055372F /* OFXMLMapper.m in Sources */,
				0DB1810213DB5DC1002A6270 /* XPathQuery.m in Sources */,
				0DB1810513DB5DC1002A6270 /* TFHpple.m in Sources */,
				0DB1810713DB5DC1002A6270 /* TFHppleElement.m in Sources */,
				0DB1810B13DB5FC4002A6270 /* MMFPhoto.m in Sources */,
			);
			runOnlyForDeploymentPostprocessing = 0;
		};
/* End PBXSourcesBuildPhase section */

/* Begin PBXTargetDependency section */
		0DAAC3BB12837C33005AAC96 /* PBXTargetDependency */ = {
			isa = PBXTargetDependency;
			target = D2AAC07D0554694100DB518D /* FringeTools */;
			targetProxy = 0DAAC3BA12837C33005AAC96 /* PBXContainerItemProxy */;
		};
		0DE266F812E12C53007A6614 /* PBXTargetDependency */ = {
			isa = PBXTargetDependency;
			name = "ObjectiveFlickr (library)";
			targetProxy = 0DE266F712E12C53007A6614 /* PBXContainerItemProxy */;
		};
		0DE2698512E3796B007A6614 /* PBXTargetDependency */ = {
			isa = PBXTargetDependency;
			name = OCMockPhoneSim;
			targetProxy = 0DE2698412E3796B007A6614 /* PBXContainerItemProxy */;
		};
/* End PBXTargetDependency section */

/* Begin PBXVariantGroup section */
		0D647AD8127FB46800633A57 /* InfoPlist.strings */ = {
			isa = PBXVariantGroup;
			children = (
				0D647AD9127FB46800633A57 /* en */,
			);
			name = InfoPlist.strings;
			sourceTree = "<group>";
		};
		0D647AE0127FB46900633A57 /* MainWindow.xib */ = {
			isa = PBXVariantGroup;
			children = (
				0D647AE1127FB46900633A57 /* en */,
			);
			name = MainWindow.xib;
			sourceTree = "<group>";
		};
		0D647AE6127FB46900633A57 /* iOS_Test_AppViewController.xib */ = {
			isa = PBXVariantGroup;
			children = (
				0D647AE7127FB46900633A57 /* en */,
			);
			name = iOS_Test_AppViewController.xib;
			sourceTree = "<group>";
		};
/* End PBXVariantGroup section */

/* Begin XCBuildConfiguration section */
		0D647AE9127FB46900633A57 /* Debug */ = {
			isa = XCBuildConfiguration;
			buildSettings = {
				ALWAYS_SEARCH_USER_PATHS = NO;
				"CODE_SIGN_IDENTITY[sdk=iphoneos*]" = "iPhone Developer";
				COPY_PHASE_STRIP = NO;
				FRAMEWORK_SEARCH_PATHS = (
					"$(inherited)",
					"\"$(SRCROOT)/../external-lib\"",
				);
				GCC_C_LANGUAGE_STANDARD = gnu99;
				GCC_DYNAMIC_NO_PIC = NO;
				GCC_PRECOMPILE_PREFIX_HEADER = YES;
				GCC_PREFIX_HEADER = "iOS Test App/iOS_Test_App_Prefix.pch";
				GCC_PREPROCESSOR_DEFINITIONS = (
					DEBUG,
					FFT_LOG_ALL,
					FFT_LOG_TRACE,
				);
				HEADER_SEARCH_PATHS = (
					"$(SRCROOT)/../external/OCMock/Source",
					"$(SRCROOT)/../external-lib/OCMock-iOS",
					"$(SRCROOT)/Classes",
					"$(SRCROOT)/../objectiveflickr/Source",
					"$(SRCROOT)/../objectiveflickr/LFWebAPIKit",
					/usr/include/libxml2,
				);
				INFOPLIST_FILE = "iOS Test App/iOS_Test_App-Info.plist";
				LIBRARY_SEARCH_PATHS = (
					"$(inherited)",
					"\"$(SRCROOT)/../external-lib/GHUnit-iOS\"",
				);
				OTHER_LDFLAGS = (
					"-ObjC",
					"-all_load",
				);
				PRODUCT_NAME = "$(TARGET_NAME)";
				TARGETED_DEVICE_FAMILY = "1,2";
				WRAPPER_EXTENSION = app;
			};
			name = Debug;
		};
		0D647AEA127FB46900633A57 /* Release */ = {
			isa = XCBuildConfiguration;
			buildSettings = {
				ALWAYS_SEARCH_USER_PATHS = NO;
				"CODE_SIGN_IDENTITY[sdk=iphoneos*]" = "iPhone Developer";
				COPY_PHASE_STRIP = YES;
				FRAMEWORK_SEARCH_PATHS = (
					"$(inherited)",
					"\"$(SRCROOT)/../external-lib\"",
				);
				GCC_C_LANGUAGE_STANDARD = gnu99;
				GCC_PRECOMPILE_PREFIX_HEADER = YES;
				GCC_PREFIX_HEADER = "iOS Test App/iOS_Test_App_Prefix.pch";
				INFOPLIST_FILE = "iOS Test App/iOS_Test_App-Info.plist";
				LIBRARY_SEARCH_PATHS = (
					"$(inherited)",
					"\"$(SRCROOT)/../external-lib/GHUnit-iOS\"",
				);
				OTHER_CFLAGS = "-DNS_BLOCK_ASSERTIONS=1";
				OTHER_LDFLAGS = (
					"-ObjC",
					"-all_load",
				);
				PRODUCT_NAME = "$(TARGET_NAME)";
				SKIP_INSTALL = YES;
				TARGETED_DEVICE_FAMILY = "1,2";
				VALIDATE_PRODUCT = YES;
				WRAPPER_EXTENSION = app;
			};
			name = Release;
		};
		1DEB921F08733DC00010E9CD /* Debug */ = {
			isa = XCBuildConfiguration;
			buildSettings = {
				ALWAYS_SEARCH_USER_PATHS = NO;
				ARCHS = "$(ARCHS_STANDARD_32_BIT)";
				COPY_PHASE_STRIP = NO;
				DSTROOT = /tmp/FringeTools.dst;
				GCC_DYNAMIC_NO_PIC = NO;
				GCC_MODEL_TUNING = G5;
				GCC_OPTIMIZATION_LEVEL = 0;
				GCC_PRECOMPILE_PREFIX_HEADER = YES;
				GCC_PREFIX_HEADER = FringeTools_Prefix.pch;
				GCC_PREPROCESSOR_DEFINITIONS = (
					MMF_LOG_DEFAULT,
					MMF_LOG_DEBUGx,
				);
				HEADER_SEARCH_PATHS = (
					"$(SRCROOT)/Classes",
					/usr/include/libxml2,
					"$(SRCROOT)/../objectiveflickr/Source",
					"$(SRCROOT)/../objectiveflickr/LFWebAPIKit",
				);
				INSTALL_PATH = "";
				OTHER_LDFLAGS = "-ObjC";
				PRODUCT_NAME = FringeTools;
			};
			name = Debug;
		};
		1DEB922008733DC00010E9CD /* Release */ = {
			isa = XCBuildConfiguration;
			buildSettings = {
				ALWAYS_SEARCH_USER_PATHS = NO;
				ARCHS = "$(ARCHS_STANDARD_32_BIT)";
				DSTROOT = /tmp/FringeTools.dst;
				GCC_MODEL_TUNING = G5;
				GCC_PRECOMPILE_PREFIX_HEADER = YES;
				GCC_PREFIX_HEADER = FringeTools_Prefix.pch;
				HEADER_SEARCH_PATHS = (
					"$(SRCROOT)/Classes",
					/usr/include/libxml2,
					"$(SRCROOT)/../objectiveflickr/Source",
					"$(SRCROOT)/../objectiveflickr/LFWebAPIKit",
				);
				INSTALL_PATH = "";
				OTHER_LDFLAGS = "-ObjC";
				PRODUCT_NAME = FringeTools;
			};
			name = Release;
		};
		1DEB922308733DC00010E9CD /* Debug */ = {
			isa = XCBuildConfiguration;
			buildSettings = {
				ARCHS = "$(ARCHS_STANDARD_32_BIT)";
				GCC_C_LANGUAGE_STANDARD = c99;
				GCC_OPTIMIZATION_LEVEL = 0;
				GCC_VERSION = com.apple.compilers.llvmgcc42;
				GCC_WARN_ABOUT_MISSING_PROTOTYPES = YES;
				GCC_WARN_ABOUT_RETURN_TYPE = YES;
				GCC_WARN_UNUSED_VARIABLE = YES;
				IPHONEOS_DEPLOYMENT_TARGET = 4.0;
				OTHER_LDFLAGS = "-ObjC";
				SDKROOT = iphoneos;
			};
			name = Debug;
		};
		1DEB922408733DC00010E9CD /* Release */ = {
			isa = XCBuildConfiguration;
			buildSettings = {
				ARCHS = "$(ARCHS_STANDARD_32_BIT)";
				GCC_C_LANGUAGE_STANDARD = c99;
				GCC_VERSION = com.apple.compilers.llvmgcc42;
				GCC_WARN_ABOUT_MISSING_PROTOTYPES = YES;
				GCC_WARN_ABOUT_RETURN_TYPE = YES;
				GCC_WARN_UNUSED_VARIABLE = YES;
				IPHONEOS_DEPLOYMENT_TARGET = 4.0;
				OTHER_LDFLAGS = "-ObjC";
				SDKROOT = iphoneos;
			};
			name = Release;
		};
/* End XCBuildConfiguration section */

/* Begin XCConfigurationList section */
		0D647AEB127FB46900633A57 /* Build configuration list for PBXNativeTarget "iOS Test App" */ = {
			isa = XCConfigurationList;
			buildConfigurations = (
				0D647AE9127FB46900633A57 /* Debug */,
				0D647AEA127FB46900633A57 /* Release */,
			);
			defaultConfigurationIsVisible = 0;
			defaultConfigurationName = Release;
		};
		1DEB921E08733DC00010E9CD /* Build configuration list for PBXNativeTarget "FringeTools" */ = {
			isa = XCConfigurationList;
			buildConfigurations = (
				1DEB921F08733DC00010E9CD /* Debug */,
				1DEB922008733DC00010E9CD /* Release */,
			);
			defaultConfigurationIsVisible = 0;
			defaultConfigurationName = Release;
		};
		1DEB922208733DC00010E9CD /* Build configuration list for PBXProject "FringeTools-iOS" */ = {
			isa = XCConfigurationList;
			buildConfigurations = (
				1DEB922308733DC00010E9CD /* Debug */,
				1DEB922408733DC00010E9CD /* Release */,
			);
			defaultConfigurationIsVisible = 0;
			defaultConfigurationName = Release;
		};
/* End XCConfigurationList section */
	};
	rootObject = 0867D690FE84028FC02AAC07 /* Project object */;
}
