// !$*UTF8*$!
{
	archiveVersion = 1;
	classes = {
	};
	objectVersion = 45;
	objects = {

/* Begin PBXBuildFile section */
		0D58A6EF12C82C72001A2243 /* libObjectiveFlickr.a in Frameworks */ = {isa = PBXBuildFile; fileRef = 0D58A6EE12C82C03001A2243 /* libObjectiveFlickr.a */; };
		0DD2AAF012BE7A6800D3F1B5 /* libFringeTools.a in Frameworks */ = {isa = PBXBuildFile; fileRef = 0DD2AA2312BE7A4400D3F1B5 /* libFringeTools.a */; };
		0DD2AB0912BE928200D3F1B5 /* FlickrViewController.m in Sources */ = {isa = PBXBuildFile; fileRef = 0DD2AB0712BE928200D3F1B5 /* FlickrViewController.m */; };
		0DD2AB0A12BE928200D3F1B5 /* FlickrView.xib in Resources */ = {isa = PBXBuildFile; fileRef = 0DD2AB0812BE928200D3F1B5 /* FlickrView.xib */; };
		0DD2ABA012BEA94E00D3F1B5 /* CFNetwork.framework in Frameworks */ = {isa = PBXBuildFile; fileRef = 0DD2AB9F12BEA94E00D3F1B5 /* CFNetwork.framework */; };
		1D3623260D0F684500981E51 /* IOSExampleAppDelegate.m in Sources */ = {isa = PBXBuildFile; fileRef = 1D3623250D0F684500981E51 /* IOSExampleAppDelegate.m */; };
		1D60589B0D05DD56006BFB54 /* main.m in Sources */ = {isa = PBXBuildFile; fileRef = 29B97316FDCFA39411CA2CEA /* main.m */; };
		1D60589F0D05DD5A006BFB54 /* Foundation.framework in Frameworks */ = {isa = PBXBuildFile; fileRef = 1D30AB110D05D00D00671497 /* Foundation.framework */; };
		1DF5F4E00D08C38300B7A737 /* UIKit.framework in Frameworks */ = {isa = PBXBuildFile; fileRef = 1DF5F4DF0D08C38300B7A737 /* UIKit.framework */; };
		282CCBFE0DB6C98000C4EA27 /* SecondView.xib in Resources */ = {isa = PBXBuildFile; fileRef = 282CCBFD0DB6C98000C4EA27 /* SecondView.xib */; };
		2840D7CE1179279E00D7F93C /* FirstView.xib in Resources */ = {isa = PBXBuildFile; fileRef = 2840D7CD1179279E00D7F93C /* FirstView.xib */; };
		288765080DF74369002DB57D /* CoreGraphics.framework in Frameworks */ = {isa = PBXBuildFile; fileRef = 288765070DF74369002DB57D /* CoreGraphics.framework */; };
		28AD73880D9D96C1002E5188 /* MainWindow.xib in Resources */ = {isa = PBXBuildFile; fileRef = 28AD73870D9D96C1002E5188 /* MainWindow.xib */; };
/* End PBXBuildFile section */

/* Begin PBXContainerItemProxy section */
		0D58A6EB12C82C03001A2243 /* PBXContainerItemProxy */ = {
			isa = PBXContainerItemProxy;
			containerPortal = 0D58A6E212C82C03001A2243 /* ObjectiveFlickr.xcodeproj */;
			proxyType = 2;
			remoteGlobalIDString = 6A8666490F9593B200325E1C /* ObjectiveFlickr.framework */;
			remoteInfo = "ObjectiveFlickr (framework)";
		};
		0D58A6ED12C82C03001A2243 /* PBXContainerItemProxy */ = {
			isa = PBXContainerItemProxy;
			containerPortal = 0D58A6E212C82C03001A2243 /* ObjectiveFlickr.xcodeproj */;
			proxyType = 2;
			remoteGlobalIDString = 6ABF72E60F939BE600B9179E /* libObjectiveFlickr.a */;
			remoteInfo = "ObjectiveFlickr (library)";
		};
		0D58A6F612C82D4C001A2243 /* PBXContainerItemProxy */ = {
			isa = PBXContainerItemProxy;
			containerPortal = 0D58A6E212C82C03001A2243 /* ObjectiveFlickr.xcodeproj */;
			proxyType = 1;
			remoteGlobalIDString = 6ABF72E50F939BE600B9179E /* ObjectiveFlickr (library) */;
			remoteInfo = "ObjectiveFlickr (library)";
		};
		0DD2AA2212BE7A4400D3F1B5 /* PBXContainerItemProxy */ = {
			isa = PBXContainerItemProxy;
			containerPortal = 0DD2AA1612BE7A4400D3F1B5 /* FringeTools.xcodeproj */;
			proxyType = 2;
			remoteGlobalIDString = D2AAC07E0554694100DB518D;
			remoteInfo = FringeTools;
		};
		0DD2AA2412BE7A4400D3F1B5 /* PBXContainerItemProxy */ = {
			isa = PBXContainerItemProxy;
			containerPortal = 0DD2AA1612BE7A4400D3F1B5 /* FringeTools.xcodeproj */;
			proxyType = 2;
			remoteGlobalIDString = 0D647ACE127FB46800633A57;
			remoteInfo = "iOS Test App";
		};
		0DD2AAF212BE7A9600D3F1B5 /* PBXContainerItemProxy */ = {
			isa = PBXContainerItemProxy;
			containerPortal = 0DD2AA1612BE7A4400D3F1B5 /* FringeTools.xcodeproj */;
			proxyType = 1;
			remoteGlobalIDString = D2AAC07D0554694100DB518D;
			remoteInfo = FringeTools;
		};
/* End PBXContainerItemProxy section */

/* Begin PBXFileReference section */
		0D58A6E212C82C03001A2243 /* ObjectiveFlickr.xcodeproj */ = {isa = PBXFileReference; lastKnownFileType = "wrapper.pb-project"; name = ObjectiveFlickr.xcodeproj; path = ../../objectiveflickr/ObjectiveFlickr.xcodeproj; sourceTree = SOURCE_ROOT; };
		0DD2AA1612BE7A4400D3F1B5 /* FringeTools.xcodeproj */ = {isa = PBXFileReference; lastKnownFileType = "wrapper.pb-project"; name = FringeTools.xcodeproj; path = ../FringeTools/FringeTools.xcodeproj; sourceTree = SOURCE_ROOT; };
		0DD2AB0612BE928200D3F1B5 /* FlickrViewController.h */ = {isa = PBXFileReference; fileEncoding = 4; lastKnownFileType = sourcecode.c.h; path = FlickrViewController.h; sourceTree = "<group>"; };
		0DD2AB0712BE928200D3F1B5 /* FlickrViewController.m */ = {isa = PBXFileReference; fileEncoding = 4; lastKnownFileType = sourcecode.c.objc; path = FlickrViewController.m; sourceTree = "<group>"; };
		0DD2AB0812BE928200D3F1B5 /* FlickrView.xib */ = {isa = PBXFileReference; lastKnownFileType = file.xib; name = FlickrView.xib; path = Classes/FlickrView.xib; sourceTree = "<group>"; };
		0DD2AB9F12BEA94E00D3F1B5 /* CFNetwork.framework */ = {isa = PBXFileReference; lastKnownFileType = wrapper.framework; name = CFNetwork.framework; path = System/Library/Frameworks/CFNetwork.framework; sourceTree = SDKROOT; };
		1D30AB110D05D00D00671497 /* Foundation.framework */ = {isa = PBXFileReference; lastKnownFileType = wrapper.framework; name = Foundation.framework; path = System/Library/Frameworks/Foundation.framework; sourceTree = SDKROOT; };
		1D3623240D0F684500981E51 /* IOSExampleAppDelegate.h */ = {isa = PBXFileReference; fileEncoding = 4; lastKnownFileType = sourcecode.c.h; path = IOSExampleAppDelegate.h; sourceTree = "<group>"; };
		1D3623250D0F684500981E51 /* IOSExampleAppDelegate.m */ = {isa = PBXFileReference; fileEncoding = 4; lastKnownFileType = sourcecode.c.objc; path = IOSExampleAppDelegate.m; sourceTree = "<group>"; };
		1D6058910D05DD3D006BFB54 /* IOSExample.app */ = {isa = PBXFileReference; explicitFileType = wrapper.application; includeInIndex = 0; path = IOSExample.app; sourceTree = BUILT_PRODUCTS_DIR; };
		1DF5F4DF0D08C38300B7A737 /* UIKit.framework */ = {isa = PBXFileReference; lastKnownFileType = wrapper.framework; name = UIKit.framework; path = System/Library/Frameworks/UIKit.framework; sourceTree = SDKROOT; };
		282CCBFD0DB6C98000C4EA27 /* SecondView.xib */ = {isa = PBXFileReference; lastKnownFileType = file.xib; path = SecondView.xib; sourceTree = "<group>"; };
		2840D7CD1179279E00D7F93C /* FirstView.xib */ = {isa = PBXFileReference; lastKnownFileType = file.xib; path = FirstView.xib; sourceTree = "<group>"; };
		288765070DF74369002DB57D /* CoreGraphics.framework */ = {isa = PBXFileReference; lastKnownFileType = wrapper.framework; name = CoreGraphics.framework; path = System/Library/Frameworks/CoreGraphics.framework; sourceTree = SDKROOT; };
		28A0AB4B0D9B1048005BE974 /* IOSExample_Prefix.pch */ = {isa = PBXFileReference; fileEncoding = 4; lastKnownFileType = sourcecode.c.h; path = IOSExample_Prefix.pch; sourceTree = "<group>"; };
		28AD73870D9D96C1002E5188 /* MainWindow.xib */ = {isa = PBXFileReference; lastKnownFileType = file.xib; path = MainWindow.xib; sourceTree = "<group>"; };
		29B97316FDCFA39411CA2CEA /* main.m */ = {isa = PBXFileReference; fileEncoding = 4; lastKnownFileType = sourcecode.c.objc; path = main.m; sourceTree = "<group>"; };
		8D1107310486CEB800E47090 /* IOSExample-Info.plist */ = {isa = PBXFileReference; fileEncoding = 4; lastKnownFileType = text.plist.xml; path = "IOSExample-Info.plist"; plistStructureDefinitionIdentifier = "com.apple.xcode.plist.structure-definition.iphone.info-plist"; sourceTree = "<group>"; };
/* End PBXFileReference section */

/* Begin PBXFrameworksBuildPhase section */
		1D60588F0D05DD3D006BFB54 /* Frameworks */ = {
			isa = PBXFrameworksBuildPhase;
			buildActionMask = 2147483647;
			files = (
				1D60589F0D05DD5A006BFB54 /* Foundation.framework in Frameworks */,
				1DF5F4E00D08C38300B7A737 /* UIKit.framework in Frameworks */,
				288765080DF74369002DB57D /* CoreGraphics.framework in Frameworks */,
				0DD2ABA012BEA94E00D3F1B5 /* CFNetwork.framework in Frameworks */,
				0D58A6EF12C82C72001A2243 /* libObjectiveFlickr.a in Frameworks */,
				0DD2AAF012BE7A6800D3F1B5 /* libFringeTools.a in Frameworks */,
			);
			runOnlyForDeploymentPostprocessing = 0;
		};
/* End PBXFrameworksBuildPhase section */

/* Begin PBXGroup section */
		080E96DDFE201D6D7F000001 /* Classes */ = {
			isa = PBXGroup;
			children = (
				1D3623240D0F684500981E51 /* IOSExampleAppDelegate.h */,
				1D3623250D0F684500981E51 /* IOSExampleAppDelegate.m */,
				0DD2AB0612BE928200D3F1B5 /* FlickrViewController.h */,
				0DD2AB0712BE928200D3F1B5 /* FlickrViewController.m */,
			);
			path = Classes;
			sourceTree = "<group>";
		};
		0D58A6E312C82C03001A2243 /* Products */ = {
			isa = PBXGroup;
			children = (
				0D58A6EC12C82C03001A2243 /* ObjectiveFlickr.framework */,
				0D58A6EE12C82C03001A2243 /* libObjectiveFlickr.a */,
			);
			name = Products;
			sourceTree = "<group>";
		};
		0DD2AA1712BE7A4400D3F1B5 /* Products */ = {
			isa = PBXGroup;
			children = (
				0DD2AA2312BE7A4400D3F1B5 /* libFringeTools.a */,
				0DD2AA2512BE7A4400D3F1B5 /* iOS Test App.app */,
			);
			name = Products;
			sourceTree = "<group>";
		};
		19C28FACFE9D520D11CA2CBB /* Products */ = {
			isa = PBXGroup;
			children = (
				1D6058910D05DD3D006BFB54 /* IOSExample.app */,
			);
			name = Products;
			sourceTree = "<group>";
		};
		29B97314FDCFA39411CA2CEA /* IOSExample */ = {
			isa = PBXGroup;
			children = (
				0D58A6E212C82C03001A2243 /* ObjectiveFlickr.xcodeproj */,
				0DD2AA1612BE7A4400D3F1B5 /* FringeTools.xcodeproj */,
				080E96DDFE201D6D7F000001 /* Classes */,
				29B97315FDCFA39411CA2CEA /* Other Sources */,
				29B97317FDCFA39411CA2CEA /* Resources */,
				29B97323FDCFA39411CA2CEA /* Frameworks */,
				19C28FACFE9D520D11CA2CBB /* Products */,
			);
			name = IOSExample;
			sourceTree = "<group>";
		};
		29B97315FDCFA39411CA2CEA /* Other Sources */ = {
			isa = PBXGroup;
			children = (
				28A0AB4B0D9B1048005BE974 /* IOSExample_Prefix.pch */,
				29B97316FDCFA39411CA2CEA /* main.m */,
			);
			name = "Other Sources";
			sourceTree = "<group>";
		};
		29B97317FDCFA39411CA2CEA /* Resources */ = {
			isa = PBXGroup;
			children = (
				28AD73870D9D96C1002E5188 /* MainWindow.xib */,
				0DD2AB0812BE928200D3F1B5 /* FlickrView.xib */,
				2840D7CD1179279E00D7F93C /* FirstView.xib */,
				282CCBFD0DB6C98000C4EA27 /* SecondView.xib */,
				8D1107310486CEB800E47090 /* IOSExample-Info.plist */,
			);
			name = Resources;
			sourceTree = "<group>";
		};
		29B97323FDCFA39411CA2CEA /* Frameworks */ = {
			isa = PBXGroup;
			children = (
				1DF5F4DF0D08C38300B7A737 /* UIKit.framework */,
				1D30AB110D05D00D00671497 /* Foundation.framework */,
				288765070DF74369002DB57D /* CoreGraphics.framework */,
				0DD2AB9F12BEA94E00D3F1B5 /* CFNetwork.framework */,
			);
			name = Frameworks;
			sourceTree = "<group>";
		};
/* End PBXGroup section */

/* Begin PBXNativeTarget section */
		1D6058900D05DD3D006BFB54 /* IOSExample */ = {
			isa = PBXNativeTarget;
			buildConfigurationList = 1D6058960D05DD3E006BFB54 /* Build configuration list for PBXNativeTarget "IOSExample" */;
			buildPhases = (
				1D60588D0D05DD3D006BFB54 /* Resources */,
				1D60588E0D05DD3D006BFB54 /* Sources */,
				1D60588F0D05DD3D006BFB54 /* Frameworks */,
			);
			buildRules = (
			);
			dependencies = (
				0DD2AAF312BE7A9600D3F1B5 /* PBXTargetDependency */,
				0D58A6F712C82D4C001A2243 /* PBXTargetDependency */,
			);
			name = IOSExample;
			productName = IOSExample;
			productReference = 1D6058910D05DD3D006BFB54 /* IOSExample.app */;
			productType = "com.apple.product-type.application";
		};
/* End PBXNativeTarget section */

/* Begin PBXProject section */
		29B97313FDCFA39411CA2CEA /* Project object */ = {
			isa = PBXProject;
			attributes = {
				ORGANIZATIONNAME = "MobileMethod, LLC";
			};
			buildConfigurationList = C01FCF4E08A954540054247B /* Build configuration list for PBXProject "IOSExample" */;
			compatibilityVersion = "Xcode 3.1";
			developmentRegion = English;
			hasScannedForEncodings = 1;
			knownRegions = (
				English,
				Japanese,
				French,
				German,
			);
			mainGroup = 29B97314FDCFA39411CA2CEA /* IOSExample */;
			projectDirPath = "";
			projectReferences = (
				{
					ProductGroup = 0DD2AA1712BE7A4400D3F1B5 /* Products */;
					ProjectRef = 0DD2AA1612BE7A4400D3F1B5 /* FringeTools.xcodeproj */;
				},
				{
					ProductGroup = 0D58A6E312C82C03001A2243 /* Products */;
					ProjectRef = 0D58A6E212C82C03001A2243 /* ObjectiveFlickr.xcodeproj */;
				},
			);
			projectRoot = "";
			targets = (
				1D6058900D05DD3D006BFB54 /* IOSExample */,
			);
		};
/* End PBXProject section */

/* Begin PBXReferenceProxy section */
		0D58A6EC12C82C03001A2243 /* ObjectiveFlickr.framework */ = {
			isa = PBXReferenceProxy;
			fileType = wrapper.framework;
			path = ObjectiveFlickr.framework;
			remoteRef = 0D58A6EB12C82C03001A2243 /* PBXContainerItemProxy */;
			sourceTree = BUILT_PRODUCTS_DIR;
		};
		0D58A6EE12C82C03001A2243 /* libObjectiveFlickr.a */ = {
			isa = PBXReferenceProxy;
			fileType = archive.ar;
			path = libObjectiveFlickr.a;
			remoteRef = 0D58A6ED12C82C03001A2243 /* PBXContainerItemProxy */;
			sourceTree = BUILT_PRODUCTS_DIR;
		};
		0DD2AA2312BE7A4400D3F1B5 /* libFringeTools.a */ = {
			isa = PBXReferenceProxy;
			fileType = archive.ar;
			path = libFringeTools.a;
			remoteRef = 0DD2AA2212BE7A4400D3F1B5 /* PBXContainerItemProxy */;
			sourceTree = BUILT_PRODUCTS_DIR;
		};
		0DD2AA2512BE7A4400D3F1B5 /* iOS Test App.app */ = {
			isa = PBXReferenceProxy;
			fileType = wrapper.application;
			path = "iOS Test App.app";
			remoteRef = 0DD2AA2412BE7A4400D3F1B5 /* PBXContainerItemProxy */;
			sourceTree = BUILT_PRODUCTS_DIR;
		};
/* End PBXReferenceProxy section */

/* Begin PBXResourcesBuildPhase section */
		1D60588D0D05DD3D006BFB54 /* Resources */ = {
			isa = PBXResourcesBuildPhase;
			buildActionMask = 2147483647;
			files = (
				28AD73880D9D96C1002E5188 /* MainWindow.xib in Resources */,
				282CCBFE0DB6C98000C4EA27 /* SecondView.xib in Resources */,
				2840D7CE1179279E00D7F93C /* FirstView.xib in Resources */,
				0DD2AB0A12BE928200D3F1B5 /* FlickrView.xib in Resources */,
			);
			runOnlyForDeploymentPostprocessing = 0;
		};
/* End PBXResourcesBuildPhase section */

/* Begin PBXSourcesBuildPhase section */
		1D60588E0D05DD3D006BFB54 /* Sources */ = {
			isa = PBXSourcesBuildPhase;
			buildActionMask = 2147483647;
			files = (
				1D60589B0D05DD56006BFB54 /* main.m in Sources */,
				1D3623260D0F684500981E51 /* IOSExampleAppDelegate.m in Sources */,
				0DD2AB0912BE928200D3F1B5 /* FlickrViewController.m in Sources */,
			);
			runOnlyForDeploymentPostprocessing = 0;
		};
/* End PBXSourcesBuildPhase section */

/* Begin PBXTargetDependency section */
		0D58A6F712C82D4C001A2243 /* PBXTargetDependency */ = {
			isa = PBXTargetDependency;
			name = "ObjectiveFlickr (library)";
			targetProxy = 0D58A6F612C82D4C001A2243 /* PBXContainerItemProxy */;
		};
		0DD2AAF312BE7A9600D3F1B5 /* PBXTargetDependency */ = {
			isa = PBXTargetDependency;
			name = FringeTools;
			targetProxy = 0DD2AAF212BE7A9600D3F1B5 /* PBXContainerItemProxy */;
		};
/* End PBXTargetDependency section */

/* Begin XCBuildConfiguration section */
		1D6058940D05DD3E006BFB54 /* Debug */ = {
			isa = XCBuildConfiguration;
			buildSettings = {
				ALWAYS_SEARCH_USER_PATHS = NO;
				COPY_PHASE_STRIP = NO;
				GCC_DYNAMIC_NO_PIC = NO;
				GCC_OPTIMIZATION_LEVEL = 0;
				GCC_PRECOMPILE_PREFIX_HEADER = YES;
				GCC_PREFIX_HEADER = IOSExample_Prefix.pch;
				GCC_PREPROCESSOR_DEFINITIONS = FFT_LOG_ALL;
				GCC_VERSION = com.apple.compilers.llvmgcc42;
				HEADER_SEARCH_PATHS = (
					"$(SRCROOT)/../FringeTools/Classes",
					/usr/include/libxml2,
					"$(SRCROOT)/../objectiveflickr/Source",
					"$(SRCROOT)/../objectiveflickr/LFWebAPIKit",
				);
				INFOPLIST_FILE = "IOSExample-Info.plist";
				IPHONEOS_DEPLOYMENT_TARGET = 3.1.3;
				ONLY_ACTIVE_ARCH = NO;
				PRODUCT_NAME = IOSExample;
				SDKROOT = iphoneos;
			};
			name = Debug;
		};
		1D6058950D05DD3E006BFB54 /* Release */ = {
			isa = XCBuildConfiguration;
			buildSettings = {
				ALWAYS_SEARCH_USER_PATHS = NO;
				COPY_PHASE_STRIP = YES;
				GCC_PRECOMPILE_PREFIX_HEADER = YES;
				GCC_PREFIX_HEADER = IOSExample_Prefix.pch;
				GCC_PREPROCESSOR_DEFINITIONS = FFT_LOG_ALL;
				HEADER_SEARCH_PATHS = (
					"$(SRCROOT)/../FringeTools/Classes",
					/usr/include/libxml2,
					"$(SRCROOT)/../objectiveflickr/Source",
					"$(SRCROOT)/../objectiveflickr/LFWebAPIKit",
				);
				INFOPLIST_FILE = "IOSExample-Info.plist";
				PRODUCT_NAME = IOSExample;
				VALIDATE_PRODUCT = YES;
			};
			name = Release;
		};
		C01FCF4F08A954540054247B /* Debug */ = {
			isa = XCBuildConfiguration;
			buildSettings = {
				ARCHS = "$(ARCHS_STANDARD_32_BIT)";
				"CODE_SIGN_IDENTITY[sdk=iphoneos*]" = "iPhone Developer";
				GCC_C_LANGUAGE_STANDARD = c99;
				GCC_WARN_ABOUT_RETURN_TYPE = YES;
				GCC_WARN_UNUSED_VARIABLE = YES;
				PREBINDING = NO;
				SDKROOT = iphoneos;
			};
			name = Debug;
		};
		C01FCF5008A954540054247B /* Release */ = {
			isa = XCBuildConfiguration;
			buildSettings = {
				ARCHS = "$(ARCHS_STANDARD_32_BIT)";
				"CODE_SIGN_IDENTITY[sdk=iphoneos*]" = "iPhone Developer";
				GCC_C_LANGUAGE_STANDARD = c99;
				GCC_WARN_ABOUT_RETURN_TYPE = YES;
				GCC_WARN_UNUSED_VARIABLE = YES;
				OTHER_CFLAGS = "-DNS_BLOCK_ASSERTIONS=1";
				PREBINDING = NO;
				SDKROOT = iphoneos;
			};
			name = Release;
		};
/* End XCBuildConfiguration section */

/* Begin XCConfigurationList section */
		1D6058960D05DD3E006BFB54 /* Build configuration list for PBXNativeTarget "IOSExample" */ = {
			isa = XCConfigurationList;
			buildConfigurations = (
				1D6058940D05DD3E006BFB54 /* Debug */,
				1D6058950D05DD3E006BFB54 /* Release */,
			);
			defaultConfigurationIsVisible = 0;
			defaultConfigurationName = Release;
		};
		C01FCF4E08A954540054247B /* Build configuration list for PBXProject "IOSExample" */ = {
			isa = XCConfigurationList;
			buildConfigurations = (
				C01FCF4F08A954540054247B /* Debug */,
				C01FCF5008A954540054247B /* Release */,
			);
			defaultConfigurationIsVisible = 0;
			defaultConfigurationName = Release;
		};
/* End XCConfigurationList section */
	};
	rootObject = 29B97313FDCFA39411CA2CEA /* Project object */;
}
