// !$*UTF8*$!
{
	archiveVersion = 1;
	classes = {
	};
	objectVersion = 45;
	objects = {

/* Begin PBXBuildFile section */
		0D09CAA6125D757200DB4FBC /* FFTAppDelegate.h in Headers */ = {isa = PBXBuildFile; fileRef = 0D09CAA4125D757200DB4FBC /* FFTAppDelegate.h */; settings = {ATTRIBUTES = (Public, ); }; };
		0D647AD1127FB46800633A57 /* UIKit.framework in Frameworks */ = {isa = PBXBuildFile; fileRef = 0D647AD0127FB46800633A57 /* UIKit.framework */; };
		0D647AD3127FB46800633A57 /* Foundation.framework in Frameworks */ = {isa = PBXBuildFile; fileRef = 0D647AD2127FB46800633A57 /* Foundation.framework */; };
		0D647AD5127FB46800633A57 /* CoreGraphics.framework in Frameworks */ = {isa = PBXBuildFile; fileRef = 0D647AD4127FB46800633A57 /* CoreGraphics.framework */; };
		0D647ADA127FB46800633A57 /* InfoPlist.strings in Resources */ = {isa = PBXBuildFile; fileRef = 0D647AD8127FB46800633A57 /* InfoPlist.strings */; };
		0D647ADC127FB46900633A57 /* main.m in Sources */ = {isa = PBXBuildFile; fileRef = 0D647ADB127FB46900633A57 /* main.m */; };
		0D647ADF127FB46900633A57 /* iOS_Test_AppAppDelegate.m in Sources */ = {isa = PBXBuildFile; fileRef = 0D647ADE127FB46900633A57 /* iOS_Test_AppAppDelegate.m */; };
		0D647AE2127FB46900633A57 /* MainWindow.xib in Resources */ = {isa = PBXBuildFile; fileRef = 0D647AE0127FB46900633A57 /* MainWindow.xib */; };
		0D647AE5127FB46900633A57 /* iOS_Test_AppViewController.m in Sources */ = {isa = PBXBuildFile; fileRef = 0D647AE4127FB46900633A57 /* iOS_Test_AppViewController.m */; };
		0D647AE8127FB46900633A57 /* iOS_Test_AppViewController.xib in Resources */ = {isa = PBXBuildFile; fileRef = 0D647AE6127FB46900633A57 /* iOS_Test_AppViewController.xib */; };
		0DAAC3B312837AAE005AAC96 /* CoreGraphics.framework in Frameworks */ = {isa = PBXBuildFile; fileRef = 0DAAC3B212837AAE005AAC96 /* CoreGraphics.framework */; };
		0DAAC3B512837B0E005AAC96 /* UIKit.framework in Frameworks */ = {isa = PBXBuildFile; fileRef = 0DAAC3B412837B0E005AAC96 /* UIKit.framework */; };
		0DD2A85512BC566500D3F1B5 /* FFTFlickrSearchOperation.h in Headers */ = {isa = PBXBuildFile; fileRef = 0DD2A84B12BC566500D3F1B5 /* FFTFlickrSearchOperation.h */; };
		0DD2A85612BC566500D3F1B5 /* FFTFlickrSearchOperation.m in Sources */ = {isa = PBXBuildFile; fileRef = 0DD2A84C12BC566500D3F1B5 /* FFTFlickrSearchOperation.m */; };
		0DD2A85712BC566500D3F1B5 /* FFTHtmlSearchOperation.h in Headers */ = {isa = PBXBuildFile; fileRef = 0DD2A84D12BC566500D3F1B5 /* FFTHtmlSearchOperation.h */; };
		0DD2A85812BC566500D3F1B5 /* FFTHtmlSearchOperation.m in Sources */ = {isa = PBXBuildFile; fileRef = 0DD2A84E12BC566500D3F1B5 /* FFTHtmlSearchOperation.m */; };
		0DD2A86412BC597C00D3F1B5 /* libxml2.dylib in Frameworks */ = {isa = PBXBuildFile; fileRef = 0DD2A86312BC597C00D3F1B5 /* libxml2.dylib */; };
		0DD2A89B12BD06E900D3F1B5 /* libObjectiveFlickr.a in Frameworks */ = {isa = PBXBuildFile; fileRef = 0DD2A89812BD06B500D3F1B5 /* libObjectiveFlickr.a */; };
		0DD2A8B512BD070000D3F1B5 /* CFNetwork.framework in Frameworks */ = {isa = PBXBuildFile; fileRef = 0DD2A8B412BD070000D3F1B5 /* CFNetwork.framework */; };
		0DD2A90312BD3CAF00D3F1B5 /* FFTDownloadDelegate.h in Headers */ = {isa = PBXBuildFile; fileRef = 0DD2A90212BD3CAF00D3F1B5 /* FFTDownloadDelegate.h */; };
		0DD47C951283828300B2787A /* FFTAppDelegate.m in Sources */ = {isa = PBXBuildFile; fileRef = 0D09CAA5125D757200DB4FBC /* FFTAppDelegate.m */; };
		AA747D9F0F9514B9006C5449 /* FringeTools_Prefix.pch in Headers */ = {isa = PBXBuildFile; fileRef = AA747D9E0F9514B9006C5449 /* FringeTools_Prefix.pch */; };
		AACBBE4A0F95108600F1A2B1 /* Foundation.framework in Frameworks */ = {isa = PBXBuildFile; fileRef = AACBBE490F95108600F1A2B1 /* Foundation.framework */; };
		B7AAAC50124EFDD2002D3030 /* FFTBaseOperation.h in Headers */ = {isa = PBXBuildFile; fileRef = B7AAAC4C124EFDD2002D3030 /* FFTBaseOperation.h */; settings = {ATTRIBUTES = (Public, ); }; };
		B7AAAC51124EFDD2002D3030 /* FFTBaseOperation.m in Sources */ = {isa = PBXBuildFile; fileRef = B7AAAC4D124EFDD2002D3030 /* FFTBaseOperation.m */; };
		B7AAAC52124EFDD2002D3030 /* FFTDownloadURLOperation.h in Headers */ = {isa = PBXBuildFile; fileRef = B7AAAC4E124EFDD2002D3030 /* FFTDownloadURLOperation.h */; settings = {ATTRIBUTES = (Public, ); }; };
		B7AAAC53124EFDD2002D3030 /* FFTDownloadURLOperation.m in Sources */ = {isa = PBXBuildFile; fileRef = B7AAAC4F124EFDD2002D3030 /* FFTDownloadURLOperation.m */; };
		B7AAAC55124EFE3B002D3030 /* FFTAnalytics.h in Headers */ = {isa = PBXBuildFile; fileRef = B7AAAC54124EFE3B002D3030 /* FFTAnalytics.h */; settings = {ATTRIBUTES = (Public, ); }; };
		B7AAAC6C124F0587002D3030 /* FFTLogging.h in Headers */ = {isa = PBXBuildFile; fileRef = B7AAAC6B124F0587002D3030 /* FFTLogging.h */; settings = {ATTRIBUTES = (Public, ); }; };
/* End PBXBuildFile section */

/* Begin PBXContainerItemProxy section */
		0DAAC3BA12837C33005AAC96 /* PBXContainerItemProxy */ = {
			isa = PBXContainerItemProxy;
			containerPortal = 0867D690FE84028FC02AAC07 /* Project object */;
			proxyType = 1;
			remoteGlobalIDString = D2AAC07D0554694100DB518D;
			remoteInfo = FringeTools;
		};
		0DD2A89512BD06B500D3F1B5 /* PBXContainerItemProxy */ = {
			isa = PBXContainerItemProxy;
			containerPortal = 0DD2A88C12BD06B500D3F1B5 /* ObjectiveFlickr.xcodeproj */;
			proxyType = 2;
			remoteGlobalIDString = 6A8666490F9593B200325E1C;
			remoteInfo = "ObjectiveFlickr (framework)";
		};
		0DD2A89712BD06B500D3F1B5 /* PBXContainerItemProxy */ = {
			isa = PBXContainerItemProxy;
			containerPortal = 0DD2A88C12BD06B500D3F1B5 /* ObjectiveFlickr.xcodeproj */;
			proxyType = 2;
			remoteGlobalIDString = 6ABF72E60F939BE600B9179E;
			remoteInfo = "ObjectiveFlickr (library)";
		};
		0DD2A89912BD06E000D3F1B5 /* PBXContainerItemProxy */ = {
			isa = PBXContainerItemProxy;
			containerPortal = 0DD2A88C12BD06B500D3F1B5 /* ObjectiveFlickr.xcodeproj */;
			proxyType = 1;
			remoteGlobalIDString = 6ABF72E50F939BE600B9179E;
			remoteInfo = "ObjectiveFlickr (library)";
		};
/* End PBXContainerItemProxy section */

/* Begin PBXFileReference section */
		0D09CAA4125D757200DB4FBC /* FFTAppDelegate.h */ = {isa = PBXFileReference; fileEncoding = 4; lastKnownFileType = sourcecode.c.h; path = FFTAppDelegate.h; sourceTree = "<group>"; };
		0D09CAA5125D757200DB4FBC /* FFTAppDelegate.m */ = {isa = PBXFileReference; fileEncoding = 4; lastKnownFileType = sourcecode.c.objc; path = FFTAppDelegate.m; sourceTree = "<group>"; };
		0D647ACE127FB46800633A57 /* iOS Test App.app */ = {isa = PBXFileReference; explicitFileType = wrapper.application; includeInIndex = 0; path = "iOS Test App.app"; sourceTree = BUILT_PRODUCTS_DIR; };
		0D647AD0127FB46800633A57 /* UIKit.framework */ = {isa = PBXFileReference; lastKnownFileType = wrapper.framework; name = UIKit.framework; path = System/Library/Frameworks/UIKit.framework; sourceTree = SDKROOT; };
		0D647AD2127FB46800633A57 /* Foundation.framework */ = {isa = PBXFileReference; lastKnownFileType = wrapper.framework; name = Foundation.framework; path = System/Library/Frameworks/Foundation.framework; sourceTree = SDKROOT; };
		0D647AD4127FB46800633A57 /* CoreGraphics.framework */ = {isa = PBXFileReference; lastKnownFileType = wrapper.framework; name = CoreGraphics.framework; path = System/Library/Frameworks/CoreGraphics.framework; sourceTree = SDKROOT; };
		0D647AD6127FB46800633A57 /* iOS_Test_App-Info.plist */ = {isa = PBXFileReference; lastKnownFileType = text.plist.xml; path = "iOS_Test_App-Info.plist"; sourceTree = "<group>"; };
		0D647AD7127FB46800633A57 /* iOS_Test_App_Prefix.pch */ = {isa = PBXFileReference; lastKnownFileType = sourcecode.c.h; path = iOS_Test_App_Prefix.pch; sourceTree = "<group>"; };
		0D647AD9127FB46800633A57 /* en */ = {isa = PBXFileReference; lastKnownFileType = text.plist.strings; name = en; path = en.lproj/InfoPlist.strings; sourceTree = "<group>"; };
		0D647ADB127FB46900633A57 /* main.m */ = {isa = PBXFileReference; lastKnownFileType = sourcecode.c.objc; path = main.m; sourceTree = "<group>"; };
		0D647ADD127FB46900633A57 /* iOS_Test_AppAppDelegate.h */ = {isa = PBXFileReference; lastKnownFileType = sourcecode.c.h; path = iOS_Test_AppAppDelegate.h; sourceTree = "<group>"; };
		0D647ADE127FB46900633A57 /* iOS_Test_AppAppDelegate.m */ = {isa = PBXFileReference; lastKnownFileType = sourcecode.c.objc; path = iOS_Test_AppAppDelegate.m; sourceTree = "<group>"; };
		0D647AE1127FB46900633A57 /* en */ = {isa = PBXFileReference; lastKnownFileType = file.xib; name = en; path = en.lproj/MainWindow.xib; sourceTree = "<group>"; };
		0D647AE3127FB46900633A57 /* iOS_Test_AppViewController.h */ = {isa = PBXFileReference; lastKnownFileType = sourcecode.c.h; path = iOS_Test_AppViewController.h; sourceTree = "<group>"; };
		0D647AE4127FB46900633A57 /* iOS_Test_AppViewController.m */ = {isa = PBXFileReference; lastKnownFileType = sourcecode.c.objc; path = iOS_Test_AppViewController.m; sourceTree = "<group>"; };
		0D647AE7127FB46900633A57 /* en */ = {isa = PBXFileReference; lastKnownFileType = file.xib; name = en; path = en.lproj/iOS_Test_AppViewController.xib; sourceTree = "<group>"; };
		0DAAC3B212837AAE005AAC96 /* CoreGraphics.framework */ = {isa = PBXFileReference; lastKnownFileType = wrapper.framework; name = CoreGraphics.framework; path = System/Library/Frameworks/CoreGraphics.framework; sourceTree = SDKROOT; };
		0DAAC3B412837B0E005AAC96 /* UIKit.framework */ = {isa = PBXFileReference; lastKnownFileType = wrapper.framework; name = UIKit.framework; path = System/Library/Frameworks/UIKit.framework; sourceTree = SDKROOT; };
		0DD2A84B12BC566500D3F1B5 /* FFTFlickrSearchOperation.h */ = {isa = PBXFileReference; fileEncoding = 4; lastKnownFileType = sourcecode.c.h; path = FFTFlickrSearchOperation.h; sourceTree = "<group>"; };
		0DD2A84C12BC566500D3F1B5 /* FFTFlickrSearchOperation.m */ = {isa = PBXFileReference; fileEncoding = 4; lastKnownFileType = sourcecode.c.objc; path = FFTFlickrSearchOperation.m; sourceTree = "<group>"; };
		0DD2A84D12BC566500D3F1B5 /* FFTHtmlSearchOperation.h */ = {isa = PBXFileReference; fileEncoding = 4; lastKnownFileType = sourcecode.c.h; path = FFTHtmlSearchOperation.h; sourceTree = "<group>"; };
		0DD2A84E12BC566500D3F1B5 /* FFTHtmlSearchOperation.m */ = {isa = PBXFileReference; fileEncoding = 4; lastKnownFileType = sourcecode.c.objc; path = FFTHtmlSearchOperation.m; sourceTree = "<group>"; };
		0DD2A86312BC597C00D3F1B5 /* libxml2.dylib */ = {isa = PBXFileReference; lastKnownFileType = "compiled.mach-o.dylib"; name = libxml2.dylib; path = usr/lib/libxml2.dylib; sourceTree = SDKROOT; };
		0DD2A88C12BD06B500D3F1B5 /* ObjectiveFlickr.xcodeproj */ = {isa = PBXFileReference; lastKnownFileType = "wrapper.pb-project"; name = ObjectiveFlickr.xcodeproj; path = ../objectiveflickr/ObjectiveFlickr.xcodeproj; sourceTree = SOURCE_ROOT; };
		0DD2A8B412BD070000D3F1B5 /* CFNetwork.framework */ = {isa = PBXFileReference; lastKnownFileType = wrapper.framework; name = CFNetwork.framework; path = System/Library/Frameworks/CFNetwork.framework; sourceTree = SDKROOT; };
		0DD2A90212BD3CAF00D3F1B5 /* FFTDownloadDelegate.h */ = {isa = PBXFileReference; fileEncoding = 4; lastKnownFileType = sourcecode.c.h; path = FFTDownloadDelegate.h; sourceTree = "<group>"; };
		0DD2AB0112BE7E1C00D3F1B5 /* FringeTools.h */ = {isa = PBXFileReference; fileEncoding = 4; lastKnownFileType = sourcecode.c.h; path = FringeTools.h; sourceTree = "<group>"; };
		AA747D9E0F9514B9006C5449 /* FringeTools_Prefix.pch */ = {isa = PBXFileReference; fileEncoding = 4; lastKnownFileType = sourcecode.c.h; path = FringeTools_Prefix.pch; sourceTree = SOURCE_ROOT; };
		AACBBE490F95108600F1A2B1 /* Foundation.framework */ = {isa = PBXFileReference; lastKnownFileType = wrapper.framework; name = Foundation.framework; path = System/Library/Frameworks/Foundation.framework; sourceTree = SDKROOT; };
		B7AAAC4C124EFDD2002D3030 /* FFTBaseOperation.h */ = {isa = PBXFileReference; fileEncoding = 4; lastKnownFileType = sourcecode.c.h; path = FFTBaseOperation.h; sourceTree = "<group>"; };
		B7AAAC4D124EFDD2002D3030 /* FFTBaseOperation.m */ = {isa = PBXFileReference; fileEncoding = 4; lastKnownFileType = sourcecode.c.objc; path = FFTBaseOperation.m; sourceTree = "<group>"; };
		B7AAAC4E124EFDD2002D3030 /* FFTDownloadURLOperation.h */ = {isa = PBXFileReference; fileEncoding = 4; lastKnownFileType = sourcecode.c.h; path = FFTDownloadURLOperation.h; sourceTree = "<group>"; };
		B7AAAC4F124EFDD2002D3030 /* FFTDownloadURLOperation.m */ = {isa = PBXFileReference; fileEncoding = 4; lastKnownFileType = sourcecode.c.objc; path = FFTDownloadURLOperation.m; sourceTree = "<group>"; };
		B7AAAC54124EFE3B002D3030 /* FFTAnalytics.h */ = {isa = PBXFileReference; fileEncoding = 4; lastKnownFileType = sourcecode.c.h; path = FFTAnalytics.h; sourceTree = "<group>"; };
		B7AAAC6B124F0587002D3030 /* FFTLogging.h */ = {isa = PBXFileReference; fileEncoding = 4; lastKnownFileType = sourcecode.c.h; path = FFTLogging.h; sourceTree = "<group>"; };
		D2AAC07E0554694100DB518D /* libFringeTools.a */ = {isa = PBXFileReference; explicitFileType = archive.ar; includeInIndex = 0; path = libFringeTools.a; sourceTree = BUILT_PRODUCTS_DIR; };
/* End PBXFileReference section */

/* Begin PBXFrameworksBuildPhase section */
		0D647ACB127FB46800633A57 /* Frameworks */ = {
			isa = PBXFrameworksBuildPhase;
			buildActionMask = 2147483647;
			files = (
				0D647AD3127FB46800633A57 /* Foundation.framework in Frameworks */,
				0D647AD5127FB46800633A57 /* CoreGraphics.framework in Frameworks */,
				0D647AD1127FB46800633A57 /* UIKit.framework in Frameworks */,
			);
			runOnlyForDeploymentPostprocessing = 0;
		};
		D2AAC07C0554694100DB518D /* Frameworks */ = {
			isa = PBXFrameworksBuildPhase;
			buildActionMask = 2147483647;
			files = (
				AACBBE4A0F95108600F1A2B1 /* Foundation.framework in Frameworks */,
				0DAAC3B312837AAE005AAC96 /* CoreGraphics.framework in Frameworks */,
				0DAAC3B512837B0E005AAC96 /* UIKit.framework in Frameworks */,
				0DD2A86412BC597C00D3F1B5 /* libxml2.dylib in Frameworks */,
				0DD2A8B512BD070000D3F1B5 /* CFNetwork.framework in Frameworks */,
				0DD2A89B12BD06E900D3F1B5 /* libObjectiveFlickr.a in Frameworks */,
			);
			runOnlyForDeploymentPostprocessing = 0;
		};
/* End PBXFrameworksBuildPhase section */

/* Begin PBXGroup section */
		034768DFFF38A50411DB9C8B /* Products */ = {
			isa = PBXGroup;
			children = (
				D2AAC07E0554694100DB518D /* libFringeTools.a */,
				0D647ACE127FB46800633A57 /* iOS Test App.app */,
			);
			name = Products;
			sourceTree = "<group>";
		};
		0867D691FE84028FC02AAC07 /* FringeTools */ = {
			isa = PBXGroup;
			children = (
				0DD2A88C12BD06B500D3F1B5 /* ObjectiveFlickr.xcodeproj */,
				08FB77AEFE84172EC02AAC07 /* Classes */,
				B7AAAC4B124EFA88002D3030 /* Tests */,
				32C88DFF0371C24200C91783 /* Other Sources */,
				0867D69AFE84028FC02AAC07 /* Frameworks */,
				034768DFFF38A50411DB9C8B /* Products */,
				0D647AC5127FB46700633A57 /* iOS Test App */,
				0DD2A86312BC597C00D3F1B5 /* libxml2.dylib */,
				0DD2A8B412BD070000D3F1B5 /* CFNetwork.framework */,
			);
			name = FringeTools;
			sourceTree = "<group>";
		};
		0867D69AFE84028FC02AAC07 /* Frameworks */ = {
			isa = PBXGroup;
			children = (
				0DAAC3B412837B0E005AAC96 /* UIKit.framework */,
				0DAAC3B212837AAE005AAC96 /* CoreGraphics.framework */,
				AACBBE490F95108600F1A2B1 /* Foundation.framework */,
			);
			name = Frameworks;
			sourceTree = "<group>";
		};
		08FB77AEFE84172EC02AAC07 /* Classes */ = {
			isa = PBXGroup;
			children = (
				0DD2AB0112BE7E1C00D3F1B5 /* FringeTools.h */,
				0D09CAA4125D757200DB4FBC /* FFTAppDelegate.h */,
				0D09CAA5125D757200DB4FBC /* FFTAppDelegate.m */,
				B7AAAC6B124F0587002D3030 /* FFTLogging.h */,
				B7AAAC54124EFE3B002D3030 /* FFTAnalytics.h */,
				B7AAAC4C124EFDD2002D3030 /* FFTBaseOperation.h */,
				B7AAAC4D124EFDD2002D3030 /* FFTBaseOperation.m */,
				0DD2A91E12BD3F0A00D3F1B5 /* Download Ops */,
			);
			path = Classes;
			sourceTree = "<group>";
		};
		0D647AC5127FB46700633A57 /* iOS Test App */ = {
			isa = PBXGroup;
			children = (
				0D647AC6127FB46800633A57 /* Classes */,
				0D647AC7127FB46800633A57 /* Other Sources */,
				0D647AC8127FB46800633A57 /* Resources */,
				0D647AC9127FB46800633A57 /* Frameworks */,
			);
			path = "iOS Test App";
			sourceTree = "<group>";
		};
		0D647AC6127FB46800633A57 /* Classes */ = {
			isa = PBXGroup;
			children = (
				0D647ADD127FB46900633A57 /* iOS_Test_AppAppDelegate.h */,
				0D647ADE127FB46900633A57 /* iOS_Test_AppAppDelegate.m */,
				0D647AE3127FB46900633A57 /* iOS_Test_AppViewController.h */,
				0D647AE4127FB46900633A57 /* iOS_Test_AppViewController.m */,
			);
			path = Classes;
			sourceTree = "<group>";
		};
		0D647AC7127FB46800633A57 /* Other Sources */ = {
			isa = PBXGroup;
			children = (
				0D647AD7127FB46800633A57 /* iOS_Test_App_Prefix.pch */,
				0D647ADB127FB46900633A57 /* main.m */,
			);
			name = "Other Sources";
			sourceTree = "<group>";
		};
		0D647AC8127FB46800633A57 /* Resources */ = {
			isa = PBXGroup;
			children = (
				0D647AD6127FB46800633A57 /* iOS_Test_App-Info.plist */,
				0D647AD8127FB46800633A57 /* InfoPlist.strings */,
				0D647AE0127FB46900633A57 /* MainWindow.xib */,
				0D647AE6127FB46900633A57 /* iOS_Test_AppViewController.xib */,
			);
			name = Resources;
			sourceTree = "<group>";
		};
		0D647AC9127FB46800633A57 /* Frameworks */ = {
			isa = PBXGroup;
			children = (
				0D647AD0127FB46800633A57 /* UIKit.framework */,
				0D647AD2127FB46800633A57 /* Foundation.framework */,
				0D647AD4127FB46800633A57 /* CoreGraphics.framework */,
			);
			name = Frameworks;
			sourceTree = "<group>";
		};
		0DD2A88D12BD06B500D3F1B5 /* Products */ = {
			isa = PBXGroup;
			children = (
				0DD2A89612BD06B500D3F1B5 /* ObjectiveFlickr.framework */,
				0DD2A89812BD06B500D3F1B5 /* libObjectiveFlickr.a */,
			);
			name = Products;
			sourceTree = "<group>";
		};
		0DD2A91E12BD3F0A00D3F1B5 /* Download Ops */ = {
			isa = PBXGroup;
			children = (
				0DD2A90212BD3CAF00D3F1B5 /* FFTDownloadDelegate.h */,
				B7AAAC4E124EFDD2002D3030 /* FFTDownloadURLOperation.h */,
				B7AAAC4F124EFDD2002D3030 /* FFTDownloadURLOperation.m */,
				0DD2A84B12BC566500D3F1B5 /* FFTFlickrSearchOperation.h */,
				0DD2A84C12BC566500D3F1B5 /* FFTFlickrSearchOperation.m */,
				0DD2A84D12BC566500D3F1B5 /* FFTHtmlSearchOperation.h */,
				0DD2A84E12BC566500D3F1B5 /* FFTHtmlSearchOperation.m */,
			);
			name = "Download Ops";
			sourceTree = "<group>";
		};
		32C88DFF0371C24200C91783 /* Other Sources */ = {
			isa = PBXGroup;
			children = (
				AA747D9E0F9514B9006C5449 /* FringeTools_Prefix.pch */,
			);
			name = "Other Sources";
			sourceTree = "<group>";
		};
		B7AAAC4B124EFA88002D3030 /* Tests */ = {
			isa = PBXGroup;
			children = (
			);
			path = Tests;
			sourceTree = "<group>";
		};
/* End PBXGroup section */

/* Begin PBXHeadersBuildPhase section */
		D2AAC07A0554694100DB518D /* Headers */ = {
			isa = PBXHeadersBuildPhase;
			buildActionMask = 2147483647;
			files = (
				B7AAAC50124EFDD2002D3030 /* FFTBaseOperation.h in Headers */,
				B7AAAC52124EFDD2002D3030 /* FFTDownloadURLOperation.h in Headers */,
				B7AAAC55124EFE3B002D3030 /* FFTAnalytics.h in Headers */,
				B7AAAC6C124F0587002D3030 /* FFTLogging.h in Headers */,
				0D09CAA6125D757200DB4FBC /* FFTAppDelegate.h in Headers */,
				AA747D9F0F9514B9006C5449 /* FringeTools_Prefix.pch in Headers */,
				0DD2A85512BC566500D3F1B5 /* FFTFlickrSearchOperation.h in Headers */,
				0DD2A85712BC566500D3F1B5 /* FFTHtmlSearchOperation.h in Headers */,
				0DD2A90312BD3CAF00D3F1B5 /* FFTDownloadDelegate.h in Headers */,
			);
			runOnlyForDeploymentPostprocessing = 0;
		};
/* End PBXHeadersBuildPhase section */

/* Begin PBXNativeTarget section */
		0D647ACD127FB46800633A57 /* iOS Test App */ = {
			isa = PBXNativeTarget;
			buildConfigurationList = 0D647AEB127FB46900633A57 /* Build configuration list for PBXNativeTarget "iOS Test App" */;
			buildPhases = (
				0D647ACA127FB46800633A57 /* Sources */,
				0D647ACB127FB46800633A57 /* Frameworks */,
				0D647ACC127FB46800633A57 /* Resources */,
			);
			buildRules = (
			);
			dependencies = (
				0DAAC3BB12837C33005AAC96 /* PBXTargetDependency */,
			);
			name = "iOS Test App";
			productName = "iOS Test App";
			productReference = 0D647ACE127FB46800633A57 /* iOS Test App.app */;
			productType = "com.apple.product-type.application";
		};
		D2AAC07D0554694100DB518D /* FringeTools */ = {
			isa = PBXNativeTarget;
			buildConfigurationList = 1DEB921E08733DC00010E9CD /* Build configuration list for PBXNativeTarget "FringeTools" */;
			buildPhases = (
				D2AAC07A0554694100DB518D /* Headers */,
				D2AAC07B0554694100DB518D /* Sources */,
				D2AAC07C0554694100DB518D /* Frameworks */,
			);
			buildRules = (
			);
			dependencies = (
				0DD2A89A12BD06E000D3F1B5 /* PBXTargetDependency */,
			);
			name = FringeTools;
			productName = FringeTools;
			productReference = D2AAC07E0554694100DB518D /* libFringeTools.a */;
			productType = "com.apple.product-type.library.static";
		};
/* End PBXNativeTarget section */

/* Begin PBXProject section */
		0867D690FE84028FC02AAC07 /* Project object */ = {
			isa = PBXProject;
			attributes = {
				ORGANIZATIONNAME = "MobileMethod, LLC";
			};
			buildConfigurationList = 1DEB922208733DC00010E9CD /* Build configuration list for PBXProject "FringeTools" */;
			compatibilityVersion = "Xcode 3.1";
			developmentRegion = English;
			hasScannedForEncodings = 1;
			knownRegions = (
				English,
				Japanese,
				French,
				German,
			);
			mainGroup = 0867D691FE84028FC02AAC07 /* FringeTools */;
			productRefGroup = 034768DFFF38A50411DB9C8B /* Products */;
			projectDirPath = "";
			projectReferences = (
				{
					ProductGroup = 0DD2A88D12BD06B500D3F1B5 /* Products */;
					ProjectRef = 0DD2A88C12BD06B500D3F1B5 /* ObjectiveFlickr.xcodeproj */;
				},
			);
			projectRoot = "";
			targets = (
				D2AAC07D0554694100DB518D /* FringeTools */,
				0D647ACD127FB46800633A57 /* iOS Test App */,
			);
		};
/* End PBXProject section */

/* Begin PBXReferenceProxy section */
		0DD2A89612BD06B500D3F1B5 /* ObjectiveFlickr.framework */ = {
			isa = PBXReferenceProxy;
			fileType = wrapper.framework;
			path = ObjectiveFlickr.framework;
			remoteRef = 0DD2A89512BD06B500D3F1B5 /* PBXContainerItemProxy */;
			sourceTree = BUILT_PRODUCTS_DIR;
		};
		0DD2A89812BD06B500D3F1B5 /* libObjectiveFlickr.a */ = {
			isa = PBXReferenceProxy;
			fileType = archive.ar;
			path = libObjectiveFlickr.a;
			remoteRef = 0DD2A89712BD06B500D3F1B5 /* PBXContainerItemProxy */;
			sourceTree = BUILT_PRODUCTS_DIR;
		};
/* End PBXReferenceProxy section */

/* Begin PBXResourcesBuildPhase section */
		0D647ACC127FB46800633A57 /* Resources */ = {
			isa = PBXResourcesBuildPhase;
			buildActionMask = 2147483647;
			files = (
				0D647ADA127FB46800633A57 /* InfoPlist.strings in Resources */,
				0D647AE2127FB46900633A57 /* MainWindow.xib in Resources */,
				0D647AE8127FB46900633A57 /* iOS_Test_AppViewController.xib in Resources */,
			);
			runOnlyForDeploymentPostprocessing = 0;
		};
/* End PBXResourcesBuildPhase section */

/* Begin PBXSourcesBuildPhase section */
		0D647ACA127FB46800633A57 /* Sources */ = {
			isa = PBXSourcesBuildPhase;
			buildActionMask = 2147483647;
			files = (
				0D647ADC127FB46900633A57 /* main.m in Sources */,
				0D647ADF127FB46900633A57 /* iOS_Test_AppAppDelegate.m in Sources */,
				0D647AE5127FB46900633A57 /* iOS_Test_AppViewController.m in Sources */,
			);
			runOnlyForDeploymentPostprocessing = 0;
		};
		D2AAC07B0554694100DB518D /* Sources */ = {
			isa = PBXSourcesBuildPhase;
			buildActionMask = 2147483647;
			files = (
				0DD47C951283828300B2787A /* FFTAppDelegate.m in Sources */,
				B7AAAC51124EFDD2002D3030 /* FFTBaseOperation.m in Sources */,
				B7AAAC53124EFDD2002D3030 /* FFTDownloadURLOperation.m in Sources */,
				0DD2A85612BC566500D3F1B5 /* FFTFlickrSearchOperation.m in Sources */,
				0DD2A85812BC566500D3F1B5 /* FFTHtmlSearchOperation.m in Sources */,
			);
			runOnlyForDeploymentPostprocessing = 0;
		};
/* End PBXSourcesBuildPhase section */

/* Begin PBXTargetDependency section */
		0DAAC3BB12837C33005AAC96 /* PBXTargetDependency */ = {
			isa = PBXTargetDependency;
			target = D2AAC07D0554694100DB518D /* FringeTools */;
			targetProxy = 0DAAC3BA12837C33005AAC96 /* PBXContainerItemProxy */;
		};
		0DD2A89A12BD06E000D3F1B5 /* PBXTargetDependency */ = {
			isa = PBXTargetDependency;
			name = "ObjectiveFlickr (library)";
			targetProxy = 0DD2A89912BD06E000D3F1B5 /* PBXContainerItemProxy */;
		};
/* End PBXTargetDependency section */

/* Begin PBXVariantGroup section */
		0D647AD8127FB46800633A57 /* InfoPlist.strings */ = {
			isa = PBXVariantGroup;
			children = (
				0D647AD9127FB46800633A57 /* en */,
			);
			name = InfoPlist.strings;
			sourceTree = "<group>";
		};
		0D647AE0127FB46900633A57 /* MainWindow.xib */ = {
			isa = PBXVariantGroup;
			children = (
				0D647AE1127FB46900633A57 /* en */,
			);
			name = MainWindow.xib;
			sourceTree = "<group>";
		};
		0D647AE6127FB46900633A57 /* iOS_Test_AppViewController.xib */ = {
			isa = PBXVariantGroup;
			children = (
				0D647AE7127FB46900633A57 /* en */,
			);
			name = iOS_Test_AppViewController.xib;
			sourceTree = "<group>";
		};
/* End PBXVariantGroup section */

/* Begin XCBuildConfiguration section */
		0D647AE9127FB46900633A57 /* Debug */ = {
			isa = XCBuildConfiguration;
			buildSettings = {
				ALWAYS_SEARCH_USER_PATHS = NO;
				"CODE_SIGN_IDENTITY[sdk=iphoneos*]" = "iPhone Developer";
				COPY_PHASE_STRIP = NO;
				GCC_C_LANGUAGE_STANDARD = gnu99;
				GCC_DYNAMIC_NO_PIC = NO;
				GCC_PRECOMPILE_PREFIX_HEADER = YES;
				GCC_PREFIX_HEADER = "iOS Test App/iOS_Test_App_Prefix.pch";
				GCC_PREPROCESSOR_DEFINITIONS = DEBUG;
				INFOPLIST_FILE = "iOS Test App/iOS_Test_App-Info.plist";
				IPHONEOS_DEPLOYMENT_TARGET = 4.1;
				PRODUCT_NAME = "$(TARGET_NAME)";
				WRAPPER_EXTENSION = app;
			};
			name = Debug;
		};
		0D647AEA127FB46900633A57 /* Release */ = {
			isa = XCBuildConfiguration;
			buildSettings = {
				ALWAYS_SEARCH_USER_PATHS = NO;
				"CODE_SIGN_IDENTITY[sdk=iphoneos*]" = "iPhone Developer";
				COPY_PHASE_STRIP = YES;
				GCC_C_LANGUAGE_STANDARD = gnu99;
				GCC_PRECOMPILE_PREFIX_HEADER = YES;
				GCC_PREFIX_HEADER = "iOS Test App/iOS_Test_App_Prefix.pch";
				INFOPLIST_FILE = "iOS Test App/iOS_Test_App-Info.plist";
				IPHONEOS_DEPLOYMENT_TARGET = 4.1;
				OTHER_CFLAGS = "-DNS_BLOCK_ASSERTIONS=1";
				PRODUCT_NAME = "$(TARGET_NAME)";
				VALIDATE_PRODUCT = YES;
				WRAPPER_EXTENSION = app;
			};
			name = Release;
		};
		1DEB921F08733DC00010E9CD /* Debug */ = {
			isa = XCBuildConfiguration;
			buildSettings = {
				ALWAYS_SEARCH_USER_PATHS = NO;
				ARCHS = "$(ARCHS_STANDARD_32_BIT)";
				COPY_PHASE_STRIP = NO;
				DSTROOT = /tmp/FringeTools.dst;
				GCC_DYNAMIC_NO_PIC = NO;
				GCC_ENABLE_FIX_AND_CONTINUE = YES;
				GCC_MODEL_TUNING = G5;
				GCC_OPTIMIZATION_LEVEL = 0;
				GCC_PRECOMPILE_PREFIX_HEADER = YES;
				GCC_PREFIX_HEADER = FringeTools_Prefix.pch;
				HEADER_SEARCH_PATHS = (
					/usr/include/libxml2,
					"$(SRCROOT)/../objectiveflickr/Source",
					"$(SRCROOT)/../objectiveflickr/LFWebAPIKit",
				);
				INSTALL_PATH = /usr/local/lib;
				PRODUCT_NAME = FringeTools;
			};
			name = Debug;
		};
		1DEB922008733DC00010E9CD /* Release */ = {
			isa = XCBuildConfiguration;
			buildSettings = {
				ALWAYS_SEARCH_USER_PATHS = NO;
				ARCHS = "$(ARCHS_STANDARD_32_BIT)";
				DSTROOT = /tmp/FringeTools.dst;
				GCC_MODEL_TUNING = G5;
				GCC_PRECOMPILE_PREFIX_HEADER = YES;
				GCC_PREFIX_HEADER = FringeTools_Prefix.pch;
				INSTALL_PATH = /usr/local/lib;
				PRODUCT_NAME = FringeTools;
			};
			name = Release;
		};
		1DEB922308733DC00010E9CD /* Debug */ = {
			isa = XCBuildConfiguration;
			buildSettings = {
				ARCHS = "$(ARCHS_STANDARD_32_BIT)";
				GCC_C_LANGUAGE_STANDARD = c99;
				GCC_OPTIMIZATION_LEVEL = 0;
				GCC_VERSION = com.apple.compilers.llvmgcc42;
				GCC_WARN_ABOUT_RETURN_TYPE = YES;
				GCC_WARN_UNUSED_VARIABLE = YES;
				OTHER_LDFLAGS = "-ObjC";
				PREBINDING = NO;
				SDKROOT = iphoneos;
			};
			name = Debug;
		};
		1DEB922408733DC00010E9CD /* Release */ = {
			isa = XCBuildConfiguration;
			buildSettings = {
				ARCHS = "$(ARCHS_STANDARD_32_BIT)";
				GCC_C_LANGUAGE_STANDARD = c99;
				GCC_VERSION = com.apple.compilers.llvmgcc42;
				GCC_WARN_ABOUT_RETURN_TYPE = YES;
				GCC_WARN_UNUSED_VARIABLE = YES;
				OTHER_LDFLAGS = "-ObjC";
				PREBINDING = NO;
				SDKROOT = iphoneos;
			};
			name = Release;
		};
/* End XCBuildConfiguration section */

/* Begin XCConfigurationList section */
		0D647AEB127FB46900633A57 /* Build configuration list for PBXNativeTarget "iOS Test App" */ = {
			isa = XCConfigurationList;
			buildConfigurations = (
				0D647AE9127FB46900633A57 /* Debug */,
				0D647AEA127FB46900633A57 /* Release */,
			);
			defaultConfigurationIsVisible = 0;
			defaultConfigurationName = Release;
		};
		1DEB921E08733DC00010E9CD /* Build configuration list for PBXNativeTarget "FringeTools" */ = {
			isa = XCConfigurationList;
			buildConfigurations = (
				1DEB921F08733DC00010E9CD /* Debug */,
				1DEB922008733DC00010E9CD /* Release */,
			);
			defaultConfigurationIsVisible = 0;
			defaultConfigurationName = Release;
		};
		1DEB922208733DC00010E9CD /* Build configuration list for PBXProject "FringeTools" */ = {
			isa = XCConfigurationList;
			buildConfigurations = (
				1DEB922308733DC00010E9CD /* Debug */,
				1DEB922408733DC00010E9CD /* Release */,
			);
			defaultConfigurationIsVisible = 0;
			defaultConfigurationName = Release;
		};
/* End XCConfigurationList section */
	};
	rootObject = 0867D690FE84028FC02AAC07 /* Project object */;
}
